
Microsoft Visual Studio Solution File, Format Version 12.00
# Visual Studio Version 17
VisualStudioVersion = 17.0.31903.59
MinimumVisualStudioVersion = 10.0.40219.1
Project("{2150E333-8FDC-42A3-9474-1A3956D46DE8}") = "benchmarks", "benchmarks", "{66320409-64EC-F7C5-3DEF-65E7510DAAD1}"
EndProject
Project("{FAE04EC0-301F-11D3-BF4B-00C04F79EFBC}") = "Abraxius.Benchmarks", "benchmarks\Abraxius.Benchmarks\Abraxius.Benchmarks.csproj", "{D0E5142E-B26B-459C-875A-BEE59DB02806}"
EndProject
Project("{2150E333-8FDC-42A3-9474-1A3956D46DE8}") = "src", "src", "{827E0CD3-B72D-47B6-A68D-7590B98EB39B}"
EndProject
Project("{FAE04EC0-301F-11D3-BF4B-00C04F79EFBC}") = "Abraxius.Scheduler", "src\Abraxius.Scheduler\Abraxius.Scheduler.csproj", "{D25CFEF5-9AE7-42F8-BCA5-A324CDDC06FB}"
EndProject
Project("{FAE04EC0-301F-11D3-BF4B-00C04F79EFBC}") = "Abraxius.Protocol", "src\Abraxius.Protocol\Abraxius.Protocol.csproj", "{9009964F-FF37-4083-9259-083DA7F03437}"
EndProject
Project("{FAE04EC0-301F-11D3-BF4B-00C04F79EFBC}") = "Abraxius.Core", "src\Abraxius.Core\Abraxius.Core.csproj", "{C317A90F-85E1-4B25-8FD1-0123DAB3405F}"
EndProject
Project("{FAE04EC0-301F-11D3-BF4B-00C04F79EFBC}") = "Abraxius.App", "src\Abraxius.App\Abraxius.App.csproj", "{116C7675-2E2C-4DBB-B684-1BB7D83FA5EF}"
EndProject
Project("{FAE04EC0-301F-11D3-BF4B-00C04F79EFBC}") = "Abraxius.Runtime", "src\Abraxius.Runtime\Abraxius.Runtime.csproj", "{97E01589-F160-4DCC-9210-C1EA189B12DB}"
EndProject
Project("{FAE04EC0-301F-11D3-BF4B-00C04F79EFBC}") = "Abraxius.Models", "src\Abraxius.Models\Abraxius.Models.csproj", "{6B1CF339-EDD9-44A4-8B83-98D90BC22C0D}"
EndProject
Project("{FAE04EC0-301F-11D3-BF4B-00C04F79EFBC}") = "Abraxius.Voice", "src\Abraxius.Voice\Abraxius.Voice.csproj", "{BB5B24F9-3ABC-4F1A-80DA-97CA77EA6838}"
EndProject
Project("{FAE04EC0-301F-11D3-BF4B-00C04F79EFBC}") = "Abraxius.Memory", "src\Abraxius.Memory\Abraxius.Memory.csproj", "{EBB86AE4-57BC-4F41-A14A-57FD071BBD22}"
EndProject
Project("{FAE04EC0-301F-11D3-BF4B-00C04F79EFBC}") = "Abraxius.Lattice", "src\Abraxius.Lattice\Abraxius.Lattice.csproj", "{03D874EC-818A-41BB-B578-7B7D685E606F}"
EndProject
Project("{FAE04EC0-301F-11D3-BF4B-00C04F79EFBC}") = "Abraxius.Ledger", "src\Abraxius.Ledger\Abraxius.Ledger.csproj", "{65AC8DF1-DF9B-412B-A8A2-D8566BBB9CCA}"
EndProject
Project("{FAE04EC0-301F-11D3-BF4B-00C04F79EFBC}") = "Abraxius.Telemetry", "src\Abraxius.Telemetry\Abraxius.Telemetry.csproj", "{CE8B32C7-3FAD-4625-A378-CB55F3CA57F4}"
EndProject
Project("{FAE04EC0-301F-11D3-BF4B-00C04F79EFBC}") = "Abraxius.Cli", "src\Abraxius.Cli\Abraxius.Cli.csproj", "{2BE24F38-4B36-4C26-BF12-BBC1A957FF8F}"
EndProject
Project("{2150E333-8FDC-42A3-9474-1A3956D46DE8}") = "tests", "tests", "{0AB3BF05-4346-4AA6-1389-037BE0695223}"
EndProject
Project("{FAE04EC0-301F-11D3-BF4B-00C04F79EFBC}") = "Abraxius.Lattice.Tests", "tests\Abraxius.Lattice.Tests\Abraxius.Lattice.Tests.csproj", "{41BD37EA-AB42-4C86-A674-6922DCDF8689}"
EndProject
Project("{FAE04EC0-301F-11D3-BF4B-00C04F79EFBC}") = "Abraxius.Performance.Tests", "tests\Abraxius.Performance.Tests\Abraxius.Performance.Tests.csproj", "{3DE7482D-0749-40C2-B8C7-0C031E40A719}"
EndProject
Project("{FAE04EC0-301F-11D3-BF4B-00C04F79EFBC}") = "Abraxius.Runtime.Tests", "tests\Abraxius.Runtime.Tests\Abraxius.Runtime.Tests.csproj", "{44ABF197-CAB1-4DCE-8E67-9C7337136840}"
EndProject
Project("{FAE04EC0-301F-11D3-BF4B-00C04F79EFBC}") = "Abraxius.Scheduler.Tests", "tests\Abraxius.Scheduler.Tests\Abraxius.Scheduler.Tests.csproj", "{5380F743-6B79-4922-98E2-13CA8D15AD7A}"
EndProject
Project("{FAE04EC0-301F-11D3-BF4B-00C04F79EFBC}") = "Abraxius.Core.Tests", "tests\Abraxius.Core.Tests\Abraxius.Core.Tests.csproj", "{F2A4B7C1-4D2A-4A40-9D86-9B0D4A6BB4B1}"
EndProject
Project("{FAE04EC0-301F-11D3-BF4B-00C04F79EFBC}") = "Abraxius.Platform", "src\Abraxius.Platform\Abraxius.Platform.csproj", "{A1E7B5C2-7B64-4CFB-9D4C-1D9E35C20311}"
EndProject
Project("{FAE04EC0-301F-11D3-BF4B-00C04F79EFBC}") = "Abraxius.Platform.Desktop", "src\Abraxius.Platform.Desktop\Abraxius.Platform.Desktop.csproj", "{B2F8C6D3-8C75-4D0C-AE5D-2EAF46D31422}"
EndProject
Project("{FAE04EC0-301F-11D3-BF4B-00C04F79EFBC}") = "Abraxius.App.Desktop", "src\Abraxius.App.Desktop\Abraxius.App.Desktop.csproj", "{C3A9D7E4-9D86-4E1D-BF6E-3FB057E42533}"
EndProject
Project("{FAE04EC0-301F-11D3-BF4B-00C04F79EFBC}") = "Abraxius.App.Embedded", "src\Abraxius.App.Embedded\Abraxius.App.Embedded.csproj", "{D4BAE8F5-AE97-4F2E-C07F-40C168F53644}"
EndProject
Project("{FAE04EC0-301F-11D3-BF4B-00C04F79EFBC}") = "Abraxius.App.Browser", "src\Abraxius.App.Browser\Abraxius.App.Browser.csproj", "{F6DCF017-C0B9-4142-E291-62E38A075866}"
EndProject
Project("{FAE04EC0-301F-11D3-BF4B-00C04F79EFBC}") = "Abraxius.Platform.Tests", "tests\Abraxius.Platform.Tests\Abraxius.Platform.Tests.csproj", "{E5CBF906-BFA8-403F-D180-51D279F64755}"
EndProject
Project("{FAE04EC0-301F-11D3-BF4B-00C04F79EFBC}") = "Abraxius.Voice.Tests", "tests\Abraxius.Voice.Tests\Abraxius.Voice.Tests.csproj", "{A8197ED0-3C84-4D13-A31A-FECD5C309830}"
EndProject
Project("{FAE04EC0-301F-11D3-BF4B-00C04F79EFBC}") = "Abraxius.Distribution", "src\Abraxius.Distribution\Abraxius.Distribution.csproj", "{F7A1B2C3-D4E5-46F7-8901-234567890001}"
EndProject
Project("{FAE04EC0-301F-11D3-BF4B-00C04F79EFBC}") = "Abraxius.Distribution.Desktop", "src\Abraxius.Distribution.Desktop\Abraxius.Distribution.Desktop.csproj", "{F7A1B2C3-D4E5-46F7-8901-234567890002}"
EndProject
Project("{FAE04EC0-301F-11D3-BF4B-00C04F79EFBC}") = "Abraxius.Distribution.Tests", "tests\Abraxius.Distribution.Tests\Abraxius.Distribution.Tests.csproj", "{F7A1B2C3-D4E5-46F7-8901-234567890003}"
EndProject
Project("{FAE04EC0-301F-11D3-BF4B-00C04F79EFBC}") = "Abraxius.Axl", "src\Abraxius.Axl\Abraxius.Axl.csproj", "{0CF87E20-E757-42DB-B385-AC4CC29F766A}"
EndProject
Project("{FAE04EC0-301F-11D3-BF4B-00C04F79EFBC}") = "Abraxius.Axl.Model", "src\Abraxius.Axl.Model\Abraxius.Axl.Model.csproj", "{E4677E18-BCCC-4558-B11F-1B3AD7E5644F}"
EndProject
Project("{FAE04EC0-301F-11D3-BF4B-00C04F79EFBC}") = "Abraxius.Axl.Tests", "tests\Abraxius.Axl.Tests\Abraxius.Axl.Tests.csproj", "{3F0AEFE8-3C32-4904-816F-CCF01C7A8B34}"
EndProject
Project("{FAE04EC0-301F-11D3-BF4B-00C04F79EFBC}") = "Abraxius.Memory.Tests", "tests\Abraxius.Memory.Tests\Abraxius.Memory.Tests.csproj", "{D975D308-1585-4E07-8696-1DF1FDA59C33}"
EndProject
Project("{FAE04EC0-301F-11D3-BF4B-00C04F79EFBC}") = "Abraxius.Agents", "src\Abraxius.Agents\Abraxius.Agents.csproj", "{274EE741-7854-4946-8124-0EB9C3B1B8C9}"
EndProject
Project("{FAE04EC0-301F-11D3-BF4B-00C04F79EFBC}") = "Abraxius.Agents.Tests", "tests\Abraxius.Agents.Tests\Abraxius.Agents.Tests.csproj", "{C9F3C918-677A-473F-B1EE-B90CFFBE87C8}"
EndProject
Project("{FAE04EC0-301F-11D3-BF4B-00C04F79EFBC}") = "Abraxius.Debrief", "src\Abraxius.Debrief\Abraxius.Debrief.csproj", "{5AAA63A6-F99A-43F2-A17E-037FB82DD0A1}"
EndProject
Project("{FAE04EC0-301F-11D3-BF4B-00C04F79EFBC}") = "Abraxius.Debrief.Tests", "tests\Abraxius.Debrief.Tests\Abraxius.Debrief.Tests.csproj", "{3C2937FB-D6A0-45FE-BC34-DFA1BF5AE202}"
EndProject
Project("{FAE04EC0-301F-11D3-BF4B-00C04F79EFBC}") = "Abraxius.Skills", "src\Abraxius.Skills\Abraxius.Skills.csproj", "{7A4D8E11-0B2F-4F42-9D72-8A6C9E4A1F01}"
EndProject
Project("{FAE04EC0-301F-11D3-BF4B-00C04F79EFBC}") = "Abraxius.Skills.Tests", "tests\Abraxius.Skills.Tests\Abraxius.Skills.Tests.csproj", "{7A4D8E11-0B2F-4F42-9D72-8A6C9E4A1F02}"
EndProject
Project("{FAE04EC0-301F-11D3-BF4B-00C04F79EFBC}") = "Abraxius.Progression", "src\Abraxius.Progression\Abraxius.Progression.csproj", "{795CB1F8-29A2-4DC6-BC21-FC44933A3253}"
EndProject
Project("{FAE04EC0-301F-11D3-BF4B-00C04F79EFBC}") = "Abraxius.Progression.Tests", "tests\Abraxius.Progression.Tests\Abraxius.Progression.Tests.csproj", "{B00B7F27-FE4E-4FE8-BA07-6A3459D61764}"
EndProject
Project("{FAE04EC0-301F-11D3-BF4B-00C04F79EFBC}") = "Abraxius.Presence", "src\Abraxius.Presence\Abraxius.Presence.csproj", "{16A16A16-0001-4000-8000-000000000001}"
EndProject
Project("{FAE04EC0-301F-11D3-BF4B-00C04F79EFBC}") = "Abraxius.Presence.Tests", "tests\Abraxius.Presence.Tests\Abraxius.Presence.Tests.csproj", "{16A16A16-0002-4000-8000-000000000002}"
EndProject
Project("{FAE04EC0-301F-11D3-BF4B-00C04F79EFBC}") = "Abraxius.Security", "src\Abraxius.Security\Abraxius.Security.csproj", "{17171717-0001-4000-8000-000000000001}"
EndProject
Project("{FAE04EC0-301F-11D3-BF4B-00C04F79EFBC}") = "Abraxius.Security.Tests", "tests\Abraxius.Security.Tests\Abraxius.Security.Tests.csproj", "{17171717-0002-4000-8000-000000000002}"
EndProject
Project("{FAE04EC0-301F-11D3-BF4B-00C04F79EFBC}") = "Abraxius.Artifacts", "src\Abraxius.Artifacts\Abraxius.Artifacts.csproj", "{18181818-0001-4000-8000-000000000001}"
EndProject
Project("{FAE04EC0-301F-11D3-BF4B-00C04F79EFBC}") = "Abraxius.Artifacts.Tests", "tests\Abraxius.Artifacts.Tests\Abraxius.Artifacts.Tests.csproj", "{18181818-0002-4000-8000-000000000002}"
EndProject
Project("{FAE04EC0-301F-11D3-BF4B-00C04F79EFBC}") = "Abraxius.Evaluation", "src\Abraxius.Evaluation\Abraxius.Evaluation.csproj", "{19191919-0001-4000-8000-000000000001}"
EndProject
Project("{FAE04EC0-301F-11D3-BF4B-00C04F79EFBC}") = "Abraxius.Evaluation.Tests", "tests\Abraxius.Evaluation.Tests\Abraxius.Evaluation.Tests.csproj", "{19191919-0002-4000-8000-000000000002}"
EndProject
Project("{FAE04EC0-301F-11D3-BF4B-00C04F79EFBC}") = "Abraxius.Fabric", "src\Abraxius.Fabric\Abraxius.Fabric.csproj", "{20202020-0001-4000-8000-000000000001}"
EndProject
Project("{FAE04EC0-301F-11D3-BF4B-00C04F79EFBC}") = "Abraxius.Node", "src\Abraxius.Node\Abraxius.Node.csproj", "{20202020-0002-4000-8000-000000000002}"
EndProject
Project("{FAE04EC0-301F-11D3-BF4B-00C04F79EFBC}") = "Abraxius.Fabric.Tests", "tests\Abraxius.Fabric.Tests\Abraxius.Fabric.Tests.csproj", "{20202020-0003-4000-8000-000000000003}"
EndProject
Project("{FAE04EC0-301F-11D3-BF4B-00C04F79EFBC}") = "Abraxius.Compute", "src\Abraxius.Compute\Abraxius.Compute.csproj", "{21212121-0001-4000-8000-000000000001}"
EndProject
Project("{FAE04EC0-301F-11D3-BF4B-00C04F79EFBC}") = "Abraxius.Compute.Tests", "tests\Abraxius.Compute.Tests\Abraxius.Compute.Tests.csproj", "{21212121-0002-4000-8000-000000000002}"
EndProject
Project("{FAE04EC0-301F-11D3-BF4B-00C04F79EFBC}") = "Abraxius.Plugin.Contracts", "src\Abraxius.Plugin.Contracts\Abraxius.Plugin.Contracts.csproj", "{22222222-0001-4000-8000-000000000001}"
EndProject
Project("{FAE04EC0-301F-11D3-BF4B-00C04F79EFBC}") = "Abraxius.Plugin.Managed.Abstractions", "src\Abraxius.Plugin.Managed.Abstractions\Abraxius.Plugin.Managed.Abstractions.csproj", "{22222222-0002-4000-8000-000000000002}"
EndProject
Project("{FAE04EC0-301F-11D3-BF4B-00C04F79EFBC}") = "Abraxius.Plugin.Sdk", "src\Abraxius.Plugin.Sdk\Abraxius.Plugin.Sdk.csproj", "{22222222-0003-4000-8000-000000000003}"
EndProject
Project("{FAE04EC0-301F-11D3-BF4B-00C04F79EFBC}") = "Abraxius.Plugins", "src\Abraxius.Plugins\Abraxius.Plugins.csproj", "{22222222-0004-4000-8000-000000000004}"
EndProject
Project("{FAE04EC0-301F-11D3-BF4B-00C04F79EFBC}") = "Abraxius.PluginHost", "src\Abraxius.PluginHost\Abraxius.PluginHost.csproj", "{22222222-0005-4000-8000-000000000005}"
EndProject
Project("{FAE04EC0-301F-11D3-BF4B-00C04F79EFBC}") = "Abraxius.Extensions.Repository", "src\Abraxius.Extensions.Repository\Abraxius.Extensions.Repository.csproj", "{22222222-0006-4000-8000-000000000006}"
EndProject
Project("{FAE04EC0-301F-11D3-BF4B-00C04F79EFBC}") = "Abraxius.Plugins.Tests", "tests\Abraxius.Plugins.Tests\Abraxius.Plugins.Tests.csproj", "{22222222-0007-4000-8000-000000000007}"
EndProject
Global
	GlobalSection(SolutionConfigurationPlatforms) = preSolution
		Debug|Any CPU = Debug|Any CPU
		Debug|x64 = Debug|x64
		Debug|x86 = Debug|x86
		Release|Any CPU = Release|Any CPU
		Release|x64 = Release|x64
		Release|x86 = Release|x86
	EndGlobalSection
	GlobalSection(ProjectConfigurationPlatforms) = postSolution
		{22222222-0001-4000-8000-000000000001}.Debug|Any CPU.ActiveCfg = Debug|Any CPU
		{22222222-0001-4000-8000-000000000001}.Debug|Any CPU.Build.0 = Debug|Any CPU
		{22222222-0001-4000-8000-000000000001}.Debug|x64.ActiveCfg = Debug|Any CPU
		{22222222-0001-4000-8000-000000000001}.Debug|x64.Build.0 = Debug|Any CPU
		{22222222-0001-4000-8000-000000000001}.Debug|x86.ActiveCfg = Debug|Any CPU
		{22222222-0001-4000-8000-000000000001}.Debug|x86.Build.0 = Debug|Any CPU
		{22222222-0001-4000-8000-000000000001}.Release|Any CPU.ActiveCfg = Release|Any CPU
		{22222222-0001-4000-8000-000000000001}.Release|Any CPU.Build.0 = Release|Any CPU
		{22222222-0001-4000-8000-000000000001}.Release|x64.ActiveCfg = Release|Any CPU
		{22222222-0001-4000-8000-000000000001}.Release|x64.Build.0 = Release|Any CPU
		{22222222-0001-4000-8000-000000000001}.Release|x86.ActiveCfg = Release|Any CPU
		{22222222-0001-4000-8000-000000000001}.Release|x86.Build.0 = Release|Any CPU
		{22222222-0002-4000-8000-000000000002}.Debug|Any CPU.ActiveCfg = Debug|Any CPU
		{22222222-0002-4000-8000-000000000002}.Debug|Any CPU.Build.0 = Debug|Any CPU
		{22222222-0002-4000-8000-000000000002}.Debug|x64.ActiveCfg = Debug|Any CPU
		{22222222-0002-4000-8000-000000000002}.Debug|x64.Build.0 = Debug|Any CPU
		{22222222-0002-4000-8000-000000000002}.Debug|x86.ActiveCfg = Debug|Any CPU
		{22222222-0002-4000-8000-000000000002}.Debug|x86.Build.0 = Debug|Any CPU
		{22222222-0002-4000-8000-000000000002}.Release|Any CPU.ActiveCfg = Release|Any CPU
		{22222222-0002-4000-8000-000000000002}.Release|Any CPU.Build.0 = Release|Any CPU
		{22222222-0002-4000-8000-000000000002}.Release|x64.ActiveCfg = Release|Any CPU
		{22222222-0002-4000-8000-000000000002}.Release|x64.Build.0 = Release|Any CPU
		{22222222-0002-4000-8000-000000000002}.Release|x86.ActiveCfg = Release|Any CPU
		{22222222-0002-4000-8000-000000000002}.Release|x86.Build.0 = Release|Any CPU
		{22222222-0003-4000-8000-000000000003}.Debug|Any CPU.ActiveCfg = Debug|Any CPU
		{22222222-0003-4000-8000-000000000003}.Debug|Any CPU.Build.0 = Debug|Any CPU
		{22222222-0003-4000-8000-000000000003}.Debug|x64.ActiveCfg = Debug|Any CPU
		{22222222-0003-4000-8000-000000000003}.Debug|x64.Build.0 = Debug|Any CPU
		{22222222-0003-4000-8000-000000000003}.Debug|x86.ActiveCfg = Debug|Any CPU
		{22222222-0003-4000-8000-000000000003}.Debug|x86.Build.0 = Debug|Any CPU
		{22222222-0003-4000-8000-000000000003}.Release|Any CPU.ActiveCfg = Release|Any CPU
		{22222222-0003-4000-8000-000000000003}.Release|Any CPU.Build.0 = Release|Any CPU
		{22222222-0003-4000-8000-000000000003}.Release|x64.ActiveCfg = Release|Any CPU
		{22222222-0003-4000-8000-000000000003}.Release|x64.Build.0 = Release|Any CPU
		{22222222-0003-4000-8000-000000000003}.Release|x86.ActiveCfg = Release|Any CPU
		{22222222-0003-4000-8000-000000000003}.Release|x86.Build.0 = Release|Any CPU
		{22222222-0004-4000-8000-000000000004}.Debug|Any CPU.ActiveCfg = Debug|Any CPU
		{22222222-0004-4000-8000-000000000004}.Debug|Any CPU.Build.0 = Debug|Any CPU
		{22222222-0004-4000-8000-000000000004}.Debug|x64.ActiveCfg = Debug|Any CPU
		{22222222-0004-4000-8000-000000000004}.Debug|x64.Build.0 = Debug|Any CPU
		{22222222-0004-4000-8000-000000000004}.Debug|x86.ActiveCfg = Debug|Any CPU
		{22222222-0004-4000-8000-000000000004}.Debug|x86.Build.0 = Debug|Any CPU
		{22222222-0004-4000-8000-000000000004}.Release|Any CPU.ActiveCfg = Release|Any CPU
		{22222222-0004-4000-8000-000000000004}.Release|Any CPU.Build.0 = Release|Any CPU
		{22222222-0004-4000-8000-000000000004}.Release|x64.ActiveCfg = Release|Any CPU
		{22222222-0004-4000-8000-000000000004}.Release|x64.Build.0 = Release|Any CPU
		{22222222-0004-4000-8000-000000000004}.Release|x86.ActiveCfg = Release|Any CPU
		{22222222-0004-4000-8000-000000000004}.Release|x86.Build.0 = Release|Any CPU
		{22222222-0005-4000-8000-000000000005}.Debug|Any CPU.ActiveCfg = Debug|Any CPU
		{22222222-0005-4000-8000-000000000005}.Debug|Any CPU.Build.0 = Debug|Any CPU
		{22222222-0005-4000-8000-000000000005}.Debug|x64.ActiveCfg = Debug|Any CPU
		{22222222-0005-4000-8000-000000000005}.Debug|x64.Build.0 = Debug|Any CPU
		{22222222-0005-4000-8000-000000000005}.Debug|x86.ActiveCfg = Debug|Any CPU
		{22222222-0005-4000-8000-000000000005}.Debug|x86.Build.0 = Debug|Any CPU
		{22222222-0005-4000-8000-000000000005}.Release|Any CPU.ActiveCfg = Release|Any CPU
		{22222222-0005-4000-8000-000000000005}.Release|Any CPU.Build.0 = Release|Any CPU
		{22222222-0005-4000-8000-000000000005}.Release|x64.ActiveCfg = Release|Any CPU
		{22222222-0005-4000-8000-000000000005}.Release|x64.Build.0 = Release|Any CPU
		{22222222-0005-4000-8000-000000000005}.Release|x86.ActiveCfg = Release|Any CPU
		{22222222-0005-4000-8000-000000000005}.Release|x86.Build.0 = Release|Any CPU
		{22222222-0006-4000-8000-000000000006}.Debug|Any CPU.ActiveCfg = Debug|Any CPU
		{22222222-0006-4000-8000-000000000006}.Debug|Any CPU.Build.0 = Debug|Any CPU
		{22222222-0006-4000-8000-000000000006}.Debug|x64.ActiveCfg = Debug|Any CPU
		{22222222-0006-4000-8000-000000000006}.Debug|x64.Build.0 = Debug|Any CPU
		{22222222-0006-4000-8000-000000000006}.Debug|x86.ActiveCfg = Debug|Any CPU
		{22222222-0006-4000-8000-000000000006}.Debug|x86.Build.0 = Debug|Any CPU
		{22222222-0006-4000-8000-000000000006}.Release|Any CPU.ActiveCfg = Release|Any CPU
		{22222222-0006-4000-8000-000000000006}.Release|Any CPU.Build.0 = Release|Any CPU
		{22222222-0006-4000-8000-000000000006}.Release|x64.ActiveCfg = Release|Any CPU
		{22222222-0006-4000-8000-000000000006}.Release|x64.Build.0 = Release|Any CPU
		{22222222-0006-4000-8000-000000000006}.Release|x86.ActiveCfg = Release|Any CPU
		{22222222-0006-4000-8000-000000000006}.Release|x86.Build.0 = Release|Any CPU
		{22222222-0007-4000-8000-000000000007}.Debug|Any CPU.ActiveCfg = Debug|Any CPU
		{22222222-0007-4000-8000-000000000007}.Debug|Any CPU.Build.0 = Debug|Any CPU
		{22222222-0007-4000-8000-000000000007}.Debug|x64.ActiveCfg = Debug|Any CPU
		{22222222-0007-4000-8000-000000000007}.Debug|x64.Build.0 = Debug|Any CPU
		{22222222-0007-4000-8000-000000000007}.Debug|x86.ActiveCfg = Debug|Any CPU
		{22222222-0007-4000-8000-000000000007}.Debug|x86.Build.0 = Debug|Any CPU
		{22222222-0007-4000-8000-000000000007}.Release|Any CPU.ActiveCfg = Release|Any CPU
		{22222222-0007-4000-8000-000000000007}.Release|Any CPU.Build.0 = Release|Any CPU
		{22222222-0007-4000-8000-000000000007}.Release|x64.ActiveCfg = Release|Any CPU
		{22222222-0007-4000-8000-000000000007}.Release|x64.Build.0 = Release|Any CPU
		{22222222-0007-4000-8000-000000000007}.Release|x86.ActiveCfg = Release|Any CPU
		{22222222-0007-4000-8000-000000000007}.Release|x86.Build.0 = Release|Any CPU
		{20202020-0001-4000-8000-000000000001}.Debug|Any CPU.ActiveCfg = Debug|Any CPU
		{20202020-0001-4000-8000-000000000001}.Debug|Any CPU.Build.0 = Debug|Any CPU
		{20202020-0001-4000-8000-000000000001}.Debug|x64.ActiveCfg = Debug|Any CPU
		{20202020-0001-4000-8000-000000000001}.Debug|x64.Build.0 = Debug|Any CPU
		{20202020-0001-4000-8000-000000000001}.Debug|x86.ActiveCfg = Debug|Any CPU
		{20202020-0001-4000-8000-000000000001}.Debug|x86.Build.0 = Debug|Any CPU
		{20202020-0001-4000-8000-000000000001}.Release|Any CPU.ActiveCfg = Release|Any CPU
		{20202020-0001-4000-8000-000000000001}.Release|Any CPU.Build.0 = Release|Any CPU
		{20202020-0001-4000-8000-000000000001}.Release|x64.ActiveCfg = Release|Any CPU
		{20202020-0001-4000-8000-000000000001}.Release|x64.Build.0 = Release|Any CPU
		{20202020-0001-4000-8000-000000000001}.Release|x86.ActiveCfg = Release|Any CPU
		{20202020-0001-4000-8000-000000000001}.Release|x86.Build.0 = Release|Any CPU
		{20202020-0002-4000-8000-000000000002}.Debug|Any CPU.ActiveCfg = Debug|Any CPU
		{20202020-0002-4000-8000-000000000002}.Debug|Any CPU.Build.0 = Debug|Any CPU
		{20202020-0002-4000-8000-000000000002}.Debug|x64.ActiveCfg = Debug|Any CPU
		{20202020-0002-4000-8000-000000000002}.Debug|x64.Build.0 = Debug|Any CPU
		{20202020-0002-4000-8000-000000000002}.Debug|x86.ActiveCfg = Debug|Any CPU
		{20202020-0002-4000-8000-000000000002}.Debug|x86.Build.0 = Debug|Any CPU
		{20202020-0002-4000-8000-000000000002}.Release|Any CPU.ActiveCfg = Release|Any CPU
		{20202020-0002-4000-8000-000000000002}.Release|Any CPU.Build.0 = Release|Any CPU
		{20202020-0002-4000-8000-000000000002}.Release|x64.ActiveCfg = Release|Any CPU
		{20202020-0002-4000-8000-000000000002}.Release|x64.Build.0 = Release|Any CPU
		{20202020-0002-4000-8000-000000000002}.Release|x86.ActiveCfg = Release|Any CPU
		{20202020-0002-4000-8000-000000000002}.Release|x86.Build.0 = Release|Any CPU
		{20202020-0003-4000-8000-000000000003}.Debug|Any CPU.ActiveCfg = Debug|Any CPU
		{20202020-0003-4000-8000-000000000003}.Debug|Any CPU.Build.0 = Debug|Any CPU
		{20202020-0003-4000-8000-000000000003}.Debug|x64.ActiveCfg = Debug|Any CPU
		{20202020-0003-4000-8000-000000000003}.Debug|x64.Build.0 = Debug|Any CPU
		{20202020-0003-4000-8000-000000000003}.Debug|x86.ActiveCfg = Debug|Any CPU
		{20202020-0003-4000-8000-000000000003}.Debug|x86.Build.0 = Debug|Any CPU
		{20202020-0003-4000-8000-000000000003}.Release|Any CPU.ActiveCfg = Release|Any CPU
		{20202020-0003-4000-8000-000000000003}.Release|Any CPU.Build.0 = Release|Any CPU
		{20202020-0003-4000-8000-000000000003}.Release|x64.ActiveCfg = Release|Any CPU
		{20202020-0003-4000-8000-000000000003}.Release|x64.Build.0 = Release|Any CPU
		{20202020-0003-4000-8000-000000000003}.Release|x86.ActiveCfg = Release|Any CPU
		{20202020-0003-4000-8000-000000000003}.Release|x86.Build.0 = Release|Any CPU
		{21212121-0001-4000-8000-000000000001}.Debug|Any CPU.ActiveCfg = Debug|Any CPU
		{21212121-0001-4000-8000-000000000001}.Debug|Any CPU.Build.0 = Debug|Any CPU
		{21212121-0001-4000-8000-000000000001}.Debug|x64.ActiveCfg = Debug|Any CPU
		{21212121-0001-4000-8000-000000000001}.Debug|x64.Build.0 = Debug|Any CPU
		{21212121-0001-4000-8000-000000000001}.Debug|x86.ActiveCfg = Debug|Any CPU
		{21212121-0001-4000-8000-000000000001}.Debug|x86.Build.0 = Debug|Any CPU
		{21212121-0001-4000-8000-000000000001}.Release|Any CPU.ActiveCfg = Release|Any CPU
		{21212121-0001-4000-8000-000000000001}.Release|Any CPU.Build.0 = Release|Any CPU
		{21212121-0001-4000-8000-000000000001}.Release|x64.ActiveCfg = Release|Any CPU
		{21212121-0001-4000-8000-000000000001}.Release|x64.Build.0 = Release|Any CPU
		{21212121-0001-4000-8000-000000000001}.Release|x86.ActiveCfg = Release|Any CPU
		{21212121-0001-4000-8000-000000000001}.Release|x86.Build.0 = Release|Any CPU
		{21212121-0002-4000-8000-000000000002}.Debug|Any CPU.ActiveCfg = Debug|Any CPU
		{21212121-0002-4000-8000-000000000002}.Debug|Any CPU.Build.0 = Debug|Any CPU
		{21212121-0002-4000-8000-000000000002}.Debug|x64.ActiveCfg = Debug|Any CPU
		{21212121-0002-4000-8000-000000000002}.Debug|x64.Build.0 = Debug|Any CPU
		{21212121-0002-4000-8000-000000000002}.Debug|x86.ActiveCfg = Debug|Any CPU
		{21212121-0002-4000-8000-000000000002}.Debug|x86.Build.0 = Debug|Any CPU
		{21212121-0002-4000-8000-000000000002}.Release|Any CPU.ActiveCfg = Release|Any CPU
		{21212121-0002-4000-8000-000000000002}.Release|Any CPU.Build.0 = Release|Any CPU
		{21212121-0002-4000-8000-000000000002}.Release|x64.ActiveCfg = Release|Any CPU
		{21212121-0002-4000-8000-000000000002}.Release|x64.Build.0 = Release|Any CPU
		{21212121-0002-4000-8000-000000000002}.Release|x86.ActiveCfg = Release|Any CPU
		{21212121-0002-4000-8000-000000000002}.Release|x86.Build.0 = Release|Any CPU
		{19191919-0001-4000-8000-000000000001}.Debug|Any CPU.ActiveCfg = Debug|Any CPU
		{19191919-0001-4000-8000-000000000001}.Debug|Any CPU.Build.0 = Debug|Any CPU
		{19191919-0001-4000-8000-000000000001}.Debug|x64.ActiveCfg = Debug|Any CPU
		{19191919-0001-4000-8000-000000000001}.Debug|x64.Build.0 = Debug|Any CPU
		{19191919-0001-4000-8000-000000000001}.Debug|x86.ActiveCfg = Debug|Any CPU
		{19191919-0001-4000-8000-000000000001}.Debug|x86.Build.0 = Debug|Any CPU
		{19191919-0001-4000-8000-000000000001}.Release|Any CPU.ActiveCfg = Release|Any CPU
		{19191919-0001-4000-8000-000000000001}.Release|Any CPU.Build.0 = Release|Any CPU
		{19191919-0001-4000-8000-000000000001}.Release|x64.ActiveCfg = Release|Any CPU
		{19191919-0001-4000-8000-000000000001}.Release|x64.Build.0 = Release|Any CPU
		{19191919-0001-4000-8000-000000000001}.Release|x86.ActiveCfg = Release|Any CPU
		{19191919-0001-4000-8000-000000000001}.Release|x86.Build.0 = Release|Any CPU
		{19191919-0002-4000-8000-000000000002}.Debug|Any CPU.ActiveCfg = Debug|Any CPU
		{19191919-0002-4000-8000-000000000002}.Debug|Any CPU.Build.0 = Debug|Any CPU
		{19191919-0002-4000-8000-000000000002}.Debug|x64.ActiveCfg = Debug|Any CPU
		{19191919-0002-4000-8000-000000000002}.Debug|x64.Build.0 = Debug|Any CPU
		{19191919-0002-4000-8000-000000000002}.Debug|x86.ActiveCfg = Debug|Any CPU
		{19191919-0002-4000-8000-000000000002}.Debug|x86.Build.0 = Debug|Any CPU
		{19191919-0002-4000-8000-000000000002}.Release|Any CPU.ActiveCfg = Release|Any CPU
		{19191919-0002-4000-8000-000000000002}.Release|Any CPU.Build.0 = Release|Any CPU
		{19191919-0002-4000-8000-000000000002}.Release|x64.ActiveCfg = Release|Any CPU
		{19191919-0002-4000-8000-000000000002}.Release|x64.Build.0 = Release|Any CPU
		{19191919-0002-4000-8000-000000000002}.Release|x86.ActiveCfg = Release|Any CPU
		{19191919-0002-4000-8000-000000000002}.Release|x86.Build.0 = Release|Any CPU
		{18181818-0001-4000-8000-000000000001}.Debug|Any CPU.ActiveCfg = Debug|Any CPU
		{18181818-0001-4000-8000-000000000001}.Debug|Any CPU.Build.0 = Debug|Any CPU
		{18181818-0001-4000-8000-000000000001}.Debug|x64.ActiveCfg = Debug|Any CPU
		{18181818-0001-4000-8000-000000000001}.Debug|x64.Build.0 = Debug|Any CPU
		{18181818-0001-4000-8000-000000000001}.Debug|x86.ActiveCfg = Debug|Any CPU
		{18181818-0001-4000-8000-000000000001}.Debug|x86.Build.0 = Debug|Any CPU
		{18181818-0001-4000-8000-000000000001}.Release|Any CPU.ActiveCfg = Release|Any CPU
		{18181818-0001-4000-8000-000000000001}.Release|Any CPU.Build.0 = Release|Any CPU
		{18181818-0001-4000-8000-000000000001}.Release|x64.ActiveCfg = Release|Any CPU
		{18181818-0001-4000-8000-000000000001}.Release|x64.Build.0 = Release|Any CPU
		{18181818-0001-4000-8000-000000000001}.Release|x86.ActiveCfg = Release|Any CPU
		{18181818-0001-4000-8000-000000000001}.Release|x86.Build.0 = Release|Any CPU
		{18181818-0002-4000-8000-000000000002}.Debug|Any CPU.ActiveCfg = Debug|Any CPU
		{18181818-0002-4000-8000-000000000002}.Debug|Any CPU.Build.0 = Debug|Any CPU
		{18181818-0002-4000-8000-000000000002}.Debug|x64.ActiveCfg = Debug|Any CPU
		{18181818-0002-4000-8000-000000000002}.Debug|x64.Build.0 = Debug|Any CPU
		{18181818-0002-4000-8000-000000000002}.Debug|x86.ActiveCfg = Debug|Any CPU
		{18181818-0002-4000-8000-000000000002}.Debug|x86.Build.0 = Debug|Any CPU
		{18181818-0002-4000-8000-000000000002}.Release|Any CPU.ActiveCfg = Release|Any CPU
		{18181818-0002-4000-8000-000000000002}.Release|Any CPU.Build.0 = Release|Any CPU
		{18181818-0002-4000-8000-000000000002}.Release|x64.ActiveCfg = Release|Any CPU
		{18181818-0002-4000-8000-000000000002}.Release|x64.Build.0 = Release|Any CPU
		{18181818-0002-4000-8000-000000000002}.Release|x86.ActiveCfg = Release|Any CPU
		{18181818-0002-4000-8000-000000000002}.Release|x86.Build.0 = Release|Any CPU
		{17171717-0001-4000-8000-000000000001}.Debug|Any CPU.ActiveCfg = Debug|Any CPU
		{17171717-0001-4000-8000-000000000001}.Debug|Any CPU.Build.0 = Debug|Any CPU
		{17171717-0001-4000-8000-000000000001}.Debug|x64.ActiveCfg = Debug|Any CPU
		{17171717-0001-4000-8000-000000000001}.Debug|x64.Build.0 = Debug|Any CPU
		{17171717-0001-4000-8000-000000000001}.Debug|x86.ActiveCfg = Debug|Any CPU
		{17171717-0001-4000-8000-000000000001}.Debug|x86.Build.0 = Debug|Any CPU
		{17171717-0001-4000-8000-000000000001}.Release|Any CPU.ActiveCfg = Release|Any CPU
		{17171717-0001-4000-8000-000000000001}.Release|Any CPU.Build.0 = Release|Any CPU
		{17171717-0001-4000-8000-000000000001}.Release|x64.ActiveCfg = Release|Any CPU
		{17171717-0001-4000-8000-000000000001}.Release|x64.Build.0 = Release|Any CPU
		{17171717-0001-4000-8000-000000000001}.Release|x86.ActiveCfg = Release|Any CPU
		{17171717-0001-4000-8000-000000000001}.Release|x86.Build.0 = Release|Any CPU
		{17171717-0002-4000-8000-000000000002}.Debug|Any CPU.ActiveCfg = Debug|Any CPU
		{17171717-0002-4000-8000-000000000002}.Debug|Any CPU.Build.0 = Debug|Any CPU
		{17171717-0002-4000-8000-000000000002}.Debug|x64.ActiveCfg = Debug|Any CPU
		{17171717-0002-4000-8000-000000000002}.Debug|x64.Build.0 = Debug|Any CPU
		{17171717-0002-4000-8000-000000000002}.Debug|x86.ActiveCfg = Debug|Any CPU
		{17171717-0002-4000-8000-000000000002}.Debug|x86.Build.0 = Debug|Any CPU
		{17171717-0002-4000-8000-000000000002}.Release|Any CPU.ActiveCfg = Release|Any CPU
		{17171717-0002-4000-8000-000000000002}.Release|Any CPU.Build.0 = Release|Any CPU
		{17171717-0002-4000-8000-000000000002}.Release|x64.ActiveCfg = Release|Any CPU
		{17171717-0002-4000-8000-000000000002}.Release|x64.Build.0 = Release|Any CPU
		{17171717-0002-4000-8000-000000000002}.Release|x86.ActiveCfg = Release|Any CPU
		{17171717-0002-4000-8000-000000000002}.Release|x86.Build.0 = Release|Any CPU
		{16A16A16-0001-4000-8000-000000000001}.Debug|Any CPU.ActiveCfg = Debug|Any CPU
		{16A16A16-0001-4000-8000-000000000001}.Debug|Any CPU.Build.0 = Debug|Any CPU
		{16A16A16-0001-4000-8000-000000000001}.Debug|x64.ActiveCfg = Debug|Any CPU
		{16A16A16-0001-4000-8000-000000000001}.Debug|x64.Build.0 = Debug|Any CPU
		{16A16A16-0001-4000-8000-000000000001}.Debug|x86.ActiveCfg = Debug|Any CPU
		{16A16A16-0001-4000-8000-000000000001}.Debug|x86.Build.0 = Debug|Any CPU
		{16A16A16-0001-4000-8000-000000000001}.Release|Any CPU.ActiveCfg = Release|Any CPU
		{16A16A16-0001-4000-8000-000000000001}.Release|Any CPU.Build.0 = Release|Any CPU
		{16A16A16-0001-4000-8000-000000000001}.Release|x64.ActiveCfg = Release|Any CPU
		{16A16A16-0001-4000-8000-000000000001}.Release|x64.Build.0 = Release|Any CPU
		{16A16A16-0001-4000-8000-000000000001}.Release|x86.ActiveCfg = Release|Any CPU
		{16A16A16-0001-4000-8000-000000000001}.Release|x86.Build.0 = Release|Any CPU
		{16A16A16-0002-4000-8000-000000000002}.Debug|Any CPU.ActiveCfg = Debug|Any CPU
		{16A16A16-0002-4000-8000-000000000002}.Debug|Any CPU.Build.0 = Debug|Any CPU
		{16A16A16-0002-4000-8000-000000000002}.Debug|x64.ActiveCfg = Debug|Any CPU
		{16A16A16-0002-4000-8000-000000000002}.Debug|x64.Build.0 = Debug|Any CPU
		{16A16A16-0002-4000-8000-000000000002}.Debug|x86.ActiveCfg = Debug|Any CPU
		{16A16A16-0002-4000-8000-000000000002}.Debug|x86.Build.0 = Debug|Any CPU
		{16A16A16-0002-4000-8000-000000000002}.Release|Any CPU.ActiveCfg = Release|Any CPU
		{16A16A16-0002-4000-8000-000000000002}.Release|Any CPU.Build.0 = Release|Any CPU
		{16A16A16-0002-4000-8000-000000000002}.Release|x64.ActiveCfg = Release|Any CPU
		{16A16A16-0002-4000-8000-000000000002}.Release|x64.Build.0 = Release|Any CPU
		{16A16A16-0002-4000-8000-000000000002}.Release|x86.ActiveCfg = Release|Any CPU
		{16A16A16-0002-4000-8000-000000000002}.Release|x86.Build.0 = Release|Any CPU
		{D0E5142E-B26B-459C-875A-BEE59DB02806}.Debug|Any CPU.ActiveCfg = Debug|Any CPU
		{D0E5142E-B26B-459C-875A-BEE59DB02806}.Debug|Any CPU.Build.0 = Debug|Any CPU
		{D0E5142E-B26B-459C-875A-BEE59DB02806}.Debug|x64.ActiveCfg = Debug|Any CPU
		{D0E5142E-B26B-459C-875A-BEE59DB02806}.Debug|x64.Build.0 = Debug|Any CPU
		{D0E5142E-B26B-459C-875A-BEE59DB02806}.Debug|x86.ActiveCfg = Debug|Any CPU
		{D0E5142E-B26B-459C-875A-BEE59DB02806}.Debug|x86.Build.0 = Debug|Any CPU
		{D0E5142E-B26B-459C-875A-BEE59DB02806}.Release|Any CPU.ActiveCfg = Release|Any CPU
		{D0E5142E-B26B-459C-875A-BEE59DB02806}.Release|Any CPU.Build.0 = Release|Any CPU
		{D0E5142E-B26B-459C-875A-BEE59DB02806}.Release|x64.ActiveCfg = Release|Any CPU
		{D0E5142E-B26B-459C-875A-BEE59DB02806}.Release|x64.Build.0 = Release|Any CPU
		{D0E5142E-B26B-459C-875A-BEE59DB02806}.Release|x86.ActiveCfg = Release|Any CPU
		{D0E5142E-B26B-459C-875A-BEE59DB02806}.Release|x86.Build.0 = Release|Any CPU
		{D25CFEF5-9AE7-42F8-BCA5-A324CDDC06FB}.Debug|Any CPU.ActiveCfg = Debug|Any CPU
		{D25CFEF5-9AE7-42F8-BCA5-A324CDDC06FB}.Debug|Any CPU.Build.0 = Debug|Any CPU
		{D25CFEF5-9AE7-42F8-BCA5-A324CDDC06FB}.Debug|x64.ActiveCfg = Debug|Any CPU
		{D25CFEF5-9AE7-42F8-BCA5-A324CDDC06FB}.Debug|x64.Build.0 = Debug|Any CPU
		{D25CFEF5-9AE7-42F8-BCA5-A324CDDC06FB}.Debug|x86.ActiveCfg = Debug|Any CPU
		{D25CFEF5-9AE7-42F8-BCA5-A324CDDC06FB}.Debug|x86.Build.0 = Debug|Any CPU
		{D25CFEF5-9AE7-42F8-BCA5-A324CDDC06FB}.Release|Any CPU.ActiveCfg = Release|Any CPU
		{D25CFEF5-9AE7-42F8-BCA5-A324CDDC06FB}.Release|Any CPU.Build.0 = Release|Any CPU
		{D25CFEF5-9AE7-42F8-BCA5-A324CDDC06FB}.Release|x64.ActiveCfg = Release|Any CPU
		{D25CFEF5-9AE7-42F8-BCA5-A324CDDC06FB}.Release|x64.Build.0 = Release|Any CPU
		{D25CFEF5-9AE7-42F8-BCA5-A324CDDC06FB}.Release|x86.ActiveCfg = Release|Any CPU
		{D25CFEF5-9AE7-42F8-BCA5-A324CDDC06FB}.Release|x86.Build.0 = Release|Any CPU
		{9009964F-FF37-4083-9259-083DA7F03437}.Debug|Any CPU.ActiveCfg = Debug|Any CPU
		{9009964F-FF37-4083-9259-083DA7F03437}.Debug|Any CPU.Build.0 = Debug|Any CPU
		{9009964F-FF37-4083-9259-083DA7F03437}.Debug|x64.ActiveCfg = Debug|Any CPU
		{9009964F-FF37-4083-9259-083DA7F03437}.Debug|x64.Build.0 = Debug|Any CPU
		{9009964F-FF37-4083-9259-083DA7F03437}.Debug|x86.ActiveCfg = Debug|Any CPU
		{9009964F-FF37-4083-9259-083DA7F03437}.Debug|x86.Build.0 = Debug|Any CPU
		{9009964F-FF37-4083-9259-083DA7F03437}.Release|Any CPU.ActiveCfg = Release|Any CPU
		{9009964F-FF37-4083-9259-083DA7F03437}.Release|Any CPU.Build.0 = Release|Any CPU
		{9009964F-FF37-4083-9259-083DA7F03437}.Release|x64.ActiveCfg = Release|Any CPU
		{9009964F-FF37-4083-9259-083DA7F03437}.Release|x64.Build.0 = Release|Any CPU
		{9009964F-FF37-4083-9259-083DA7F03437}.Release|x86.ActiveCfg = Release|Any CPU
		{9009964F-FF37-4083-9259-083DA7F03437}.Release|x86.Build.0 = Release|Any CPU
		{C317A90F-85E1-4B25-8FD1-0123DAB3405F}.Debug|Any CPU.ActiveCfg = Debug|Any CPU
		{C317A90F-85E1-4B25-8FD1-0123DAB3405F}.Debug|Any CPU.Build.0 = Debug|Any CPU
		{C317A90F-85E1-4B25-8FD1-0123DAB3405F}.Debug|x64.ActiveCfg = Debug|Any CPU
		{C317A90F-85E1-4B25-8FD1-0123DAB3405F}.Debug|x64.Build.0 = Debug|Any CPU
		{C317A90F-85E1-4B25-8FD1-0123DAB3405F}.Debug|x86.ActiveCfg = Debug|Any CPU
		{C317A90F-85E1-4B25-8FD1-0123DAB3405F}.Debug|x86.Build.0 = Debug|Any CPU
		{C317A90F-85E1-4B25-8FD1-0123DAB3405F}.Release|Any CPU.ActiveCfg = Release|Any CPU
		{C317A90F-85E1-4B25-8FD1-0123DAB3405F}.Release|Any CPU.Build.0 = Release|Any CPU
		{C317A90F-85E1-4B25-8FD1-0123DAB3405F}.Release|x64.ActiveCfg = Release|Any CPU
		{C317A90F-85E1-4B25-8FD1-0123DAB3405F}.Release|x64.Build.0 = Release|Any CPU
		{C317A90F-85E1-4B25-8FD1-0123DAB3405F}.Release|x86.ActiveCfg = Release|Any CPU
		{C317A90F-85E1-4B25-8FD1-0123DAB3405F}.Release|x86.Build.0 = Release|Any CPU
		{116C7675-2E2C-4DBB-B684-1BB7D83FA5EF}.Debug|Any CPU.ActiveCfg = Debug|Any CPU
		{116C7675-2E2C-4DBB-B684-1BB7D83FA5EF}.Debug|Any CPU.Build.0 = Debug|Any CPU
		{116C7675-2E2C-4DBB-B684-1BB7D83FA5EF}.Debug|x64.ActiveCfg = Debug|Any CPU
		{116C7675-2E2C-4DBB-B684-1BB7D83FA5EF}.Debug|x64.Build.0 = Debug|Any CPU
		{116C7675-2E2C-4DBB-B684-1BB7D83FA5EF}.Debug|x86.ActiveCfg = Debug|Any CPU
		{116C7675-2E2C-4DBB-B684-1BB7D83FA5EF}.Debug|x86.Build.0 = Debug|Any CPU
		{116C7675-2E2C-4DBB-B684-1BB7D83FA5EF}.Release|Any CPU.ActiveCfg = Release|Any CPU
		{116C7675-2E2C-4DBB-B684-1BB7D83FA5EF}.Release|Any CPU.Build.0 = Release|Any CPU
		{116C7675-2E2C-4DBB-B684-1BB7D83FA5EF}.Release|x64.ActiveCfg = Release|Any CPU
		{116C7675-2E2C-4DBB-B684-1BB7D83FA5EF}.Release|x64.Build.0 = Release|Any CPU
		{116C7675-2E2C-4DBB-B684-1BB7D83FA5EF}.Release|x86.ActiveCfg = Release|Any CPU
		{116C7675-2E2C-4DBB-B684-1BB7D83FA5EF}.Release|x86.Build.0 = Release|Any CPU
		{97E01589-F160-4DCC-9210-C1EA189B12DB}.Debug|Any CPU.ActiveCfg = Debug|Any CPU
		{97E01589-F160-4DCC-9210-C1EA189B12DB}.Debug|Any CPU.Build.0 = Debug|Any CPU
		{97E01589-F160-4DCC-9210-C1EA189B12DB}.Debug|x64.ActiveCfg = Debug|Any CPU
		{97E01589-F160-4DCC-9210-C1EA189B12DB}.Debug|x64.Build.0 = Debug|Any CPU
		{97E01589-F160-4DCC-9210-C1EA189B12DB}.Debug|x86.ActiveCfg = Debug|Any CPU
		{97E01589-F160-4DCC-9210-C1EA189B12DB}.Debug|x86.Build.0 = Debug|Any CPU
		{97E01589-F160-4DCC-9210-C1EA189B12DB}.Release|Any CPU.ActiveCfg = Release|Any CPU
		{97E01589-F160-4DCC-9210-C1EA189B12DB}.Release|Any CPU.Build.0 = Release|Any CPU
		{97E01589-F160-4DCC-9210-C1EA189B12DB}.Release|x64.ActiveCfg = Release|Any CPU
		{97E01589-F160-4DCC-9210-C1EA189B12DB}.Release|x64.Build.0 = Release|Any CPU
		{97E01589-F160-4DCC-9210-C1EA189B12DB}.Release|x86.ActiveCfg = Release|Any CPU
		{97E01589-F160-4DCC-9210-C1EA189B12DB}.Release|x86.Build.0 = Release|Any CPU
		{6B1CF339-EDD9-44A4-8B83-98D90BC22C0D}.Debug|Any CPU.ActiveCfg = Debug|Any CPU
		{6B1CF339-EDD9-44A4-8B83-98D90BC22C0D}.Debug|Any CPU.Build.0 = Debug|Any CPU
		{6B1CF339-EDD9-44A4-8B83-98D90BC22C0D}.Debug|x64.ActiveCfg = Debug|Any CPU
		{6B1CF339-EDD9-44A4-8B83-98D90BC22C0D}.Debug|x64.Build.0 = Debug|Any CPU
		{6B1CF339-EDD9-44A4-8B83-98D90BC22C0D}.Debug|x86.ActiveCfg = Debug|Any CPU
		{6B1CF339-EDD9-44A4-8B83-98D90BC22C0D}.Debug|x86.Build.0 = Debug|Any CPU
		{6B1CF339-EDD9-44A4-8B83-98D90BC22C0D}.Release|Any CPU.ActiveCfg = Release|Any CPU
		{6B1CF339-EDD9-44A4-8B83-98D90BC22C0D}.Release|Any CPU.Build.0 = Release|Any CPU
		{6B1CF339-EDD9-44A4-8B83-98D90BC22C0D}.Release|x64.ActiveCfg = Release|Any CPU
		{6B1CF339-EDD9-44A4-8B83-98D90BC22C0D}.Release|x64.Build.0 = Release|Any CPU
		{6B1CF339-EDD9-44A4-8B83-98D90BC22C0D}.Release|x86.ActiveCfg = Release|Any CPU
		{6B1CF339-EDD9-44A4-8B83-98D90BC22C0D}.Release|x86.Build.0 = Release|Any CPU
		{BB5B24F9-3ABC-4F1A-80DA-97CA77EA6838}.Debug|Any CPU.ActiveCfg = Debug|Any CPU
		{BB5B24F9-3ABC-4F1A-80DA-97CA77EA6838}.Debug|Any CPU.Build.0 = Debug|Any CPU
		{BB5B24F9-3ABC-4F1A-80DA-97CA77EA6838}.Debug|x64.ActiveCfg = Debug|Any CPU
		{BB5B24F9-3ABC-4F1A-80DA-97CA77EA6838}.Debug|x64.Build.0 = Debug|Any CPU
		{BB5B24F9-3ABC-4F1A-80DA-97CA77EA6838}.Debug|x86.ActiveCfg = Debug|Any CPU
		{BB5B24F9-3ABC-4F1A-80DA-97CA77EA6838}.Debug|x86.Build.0 = Debug|Any CPU
		{BB5B24F9-3ABC-4F1A-80DA-97CA77EA6838}.Release|Any CPU.ActiveCfg = Release|Any CPU
		{BB5B24F9-3ABC-4F1A-80DA-97CA77EA6838}.Release|Any CPU.Build.0 = Release|Any CPU
		{BB5B24F9-3ABC-4F1A-80DA-97CA77EA6838}.Release|x64.ActiveCfg = Release|Any CPU
		{BB5B24F9-3ABC-4F1A-80DA-97CA77EA6838}.Release|x64.Build.0 = Release|Any CPU
		{BB5B24F9-3ABC-4F1A-80DA-97CA77EA6838}.Release|x86.ActiveCfg = Release|Any CPU
		{BB5B24F9-3ABC-4F1A-80DA-97CA77EA6838}.Release|x86.Build.0 = Release|Any CPU
		{EBB86AE4-57BC-4F41-A14A-57FD071BBD22}.Debug|Any CPU.ActiveCfg = Debug|Any CPU
		{EBB86AE4-57BC-4F41-A14A-57FD071BBD22}.Debug|Any CPU.Build.0 = Debug|Any CPU
		{EBB86AE4-57BC-4F41-A14A-57FD071BBD22}.Debug|x64.ActiveCfg = Debug|Any CPU
		{EBB86AE4-57BC-4F41-A14A-57FD071BBD22}.Debug|x64.Build.0 = Debug|Any CPU
		{EBB86AE4-57BC-4F41-A14A-57FD071BBD22}.Debug|x86.ActiveCfg = Debug|Any CPU
		{EBB86AE4-57BC-4F41-A14A-57FD071BBD22}.Debug|x86.Build.0 = Debug|Any CPU
		{EBB86AE4-57BC-4F41-A14A-57FD071BBD22}.Release|Any CPU.ActiveCfg = Release|Any CPU
		{EBB86AE4-57BC-4F41-A14A-57FD071BBD22}.Release|Any CPU.Build.0 = Release|Any CPU
		{EBB86AE4-57BC-4F41-A14A-57FD071BBD22}.Release|x64.ActiveCfg = Release|Any CPU
		{EBB86AE4-57BC-4F41-A14A-57FD071BBD22}.Release|x64.Build.0 = Release|Any CPU
		{EBB86AE4-57BC-4F41-A14A-57FD071BBD22}.Release|x86.ActiveCfg = Release|Any CPU
		{EBB86AE4-57BC-4F41-A14A-57FD071BBD22}.Release|x86.Build.0 = Release|Any CPU
		{03D874EC-818A-41BB-B578-7B7D685E606F}.Debug|Any CPU.ActiveCfg = Debug|Any CPU
		{03D874EC-818A-41BB-B578-7B7D685E606F}.Debug|Any CPU.Build.0 = Debug|Any CPU
		{03D874EC-818A-41BB-B578-7B7D685E606F}.Debug|x64.ActiveCfg = Debug|Any CPU
		{03D874EC-818A-41BB-B578-7B7D685E606F}.Debug|x64.Build.0 = Debug|Any CPU
		{03D874EC-818A-41BB-B578-7B7D685E606F}.Debug|x86.ActiveCfg = Debug|Any CPU
		{03D874EC-818A-41BB-B578-7B7D685E606F}.Debug|x86.Build.0 = Debug|Any CPU
		{03D874EC-818A-41BB-B578-7B7D685E606F}.Release|Any CPU.ActiveCfg = Release|Any CPU
		{03D874EC-818A-41BB-B578-7B7D685E606F}.Release|Any CPU.Build.0 = Release|Any CPU
		{03D874EC-818A-41BB-B578-7B7D685E606F}.Release|x64.ActiveCfg = Release|Any CPU
		{03D874EC-818A-41BB-B578-7B7D685E606F}.Release|x64.Build.0 = Release|Any CPU
		{03D874EC-818A-41BB-B578-7B7D685E606F}.Release|x86.ActiveCfg = Release|Any CPU
		{03D874EC-818A-41BB-B578-7B7D685E606F}.Release|x86.Build.0 = Release|Any CPU
		{65AC8DF1-DF9B-412B-A8A2-D8566BBB9CCA}.Debug|Any CPU.ActiveCfg = Debug|Any CPU
		{65AC8DF1-DF9B-412B-A8A2-D8566BBB9CCA}.Debug|Any CPU.Build.0 = Debug|Any CPU
		{65AC8DF1-DF9B-412B-A8A2-D8566BBB9CCA}.Debug|x64.ActiveCfg = Debug|Any CPU
		{65AC8DF1-DF9B-412B-A8A2-D8566BBB9CCA}.Debug|x64.Build.0 = Debug|Any CPU
		{65AC8DF1-DF9B-412B-A8A2-D8566BBB9CCA}.Debug|x86.ActiveCfg = Debug|Any CPU
		{65AC8DF1-DF9B-412B-A8A2-D8566BBB9CCA}.Debug|x86.Build.0 = Debug|Any CPU
		{65AC8DF1-DF9B-412B-A8A2-D8566BBB9CCA}.Release|Any CPU.ActiveCfg = Release|Any CPU
		{65AC8DF1-DF9B-412B-A8A2-D8566BBB9CCA}.Release|Any CPU.Build.0 = Release|Any CPU
		{65AC8DF1-DF9B-412B-A8A2-D8566BBB9CCA}.Release|x64.ActiveCfg = Release|Any CPU
		{65AC8DF1-DF9B-412B-A8A2-D8566BBB9CCA}.Release|x64.Build.0 = Release|Any CPU
		{65AC8DF1-DF9B-412B-A8A2-D8566BBB9CCA}.Release|x86.ActiveCfg = Release|Any CPU
		{65AC8DF1-DF9B-412B-A8A2-D8566BBB9CCA}.Release|x86.Build.0 = Release|Any CPU
		{CE8B32C7-3FAD-4625-A378-CB55F3CA57F4}.Debug|Any CPU.ActiveCfg = Debug|Any CPU
		{CE8B32C7-3FAD-4625-A378-CB55F3CA57F4}.Debug|Any CPU.Build.0 = Debug|Any CPU
		{CE8B32C7-3FAD-4625-A378-CB55F3CA57F4}.Debug|x64.ActiveCfg = Debug|Any CPU
		{CE8B32C7-3FAD-4625-A378-CB55F3CA57F4}.Debug|x64.Build.0 = Debug|Any CPU
		{CE8B32C7-3FAD-4625-A378-CB55F3CA57F4}.Debug|x86.ActiveCfg = Debug|Any CPU
		{CE8B32C7-3FAD-4625-A378-CB55F3CA57F4}.Debug|x86.Build.0 = Debug|Any CPU
		{CE8B32C7-3FAD-4625-A378-CB55F3CA57F4}.Release|Any CPU.ActiveCfg = Release|Any CPU
		{CE8B32C7-3FAD-4625-A378-CB55F3CA57F4}.Release|Any CPU.Build.0 = Release|Any CPU
		{CE8B32C7-3FAD-4625-A378-CB55F3CA57F4}.Release|x64.ActiveCfg = Release|Any CPU
		{CE8B32C7-3FAD-4625-A378-CB55F3CA57F4}.Release|x64.Build.0 = Release|Any CPU
		{CE8B32C7-3FAD-4625-A378-CB55F3CA57F4}.Release|x86.ActiveCfg = Release|Any CPU
		{CE8B32C7-3FAD-4625-A378-CB55F3CA57F4}.Release|x86.Build.0 = Release|Any CPU
		{2BE24F38-4B36-4C26-BF12-BBC1A957FF8F}.Debug|Any CPU.ActiveCfg = Debug|Any CPU
		{2BE24F38-4B36-4C26-BF12-BBC1A957FF8F}.Debug|Any CPU.Build.0 = Debug|Any CPU
		{2BE24F38-4B36-4C26-BF12-BBC1A957FF8F}.Debug|x64.ActiveCfg = Debug|Any CPU
		{2BE24F38-4B36-4C26-BF12-BBC1A957FF8F}.Debug|x64.Build.0 = Debug|Any CPU
		{2BE24F38-4B36-4C26-BF12-BBC1A957FF8F}.Debug|x86.ActiveCfg = Debug|Any CPU
		{2BE24F38-4B36-4C26-BF12-BBC1A957FF8F}.Debug|x86.Build.0 = Debug|Any CPU
		{2BE24F38-4B36-4C26-BF12-BBC1A957FF8F}.Release|Any CPU.ActiveCfg = Release|Any CPU
		{2BE24F38-4B36-4C26-BF12-BBC1A957FF8F}.Release|Any CPU.Build.0 = Release|Any CPU
		{2BE24F38-4B36-4C26-BF12-BBC1A957FF8F}.Release|x64.ActiveCfg = Release|Any CPU
		{2BE24F38-4B36-4C26-BF12-BBC1A957FF8F}.Release|x64.Build.0 = Release|Any CPU
		{2BE24F38-4B36-4C26-BF12-BBC1A957FF8F}.Release|x86.ActiveCfg = Release|Any CPU
		{2BE24F38-4B36-4C26-BF12-BBC1A957FF8F}.Release|x86.Build.0 = Release|Any CPU
		{41BD37EA-AB42-4C86-A674-6922DCDF8689}.Debug|Any CPU.ActiveCfg = Debug|Any CPU
		{41BD37EA-AB42-4C86-A674-6922DCDF8689}.Debug|Any CPU.Build.0 = Debug|Any CPU
		{41BD37EA-AB42-4C86-A674-6922DCDF8689}.Debug|x64.ActiveCfg = Debug|Any CPU
		{41BD37EA-AB42-4C86-A674-6922DCDF8689}.Debug|x64.Build.0 = Debug|Any CPU
		{41BD37EA-AB42-4C86-A674-6922DCDF8689}.Debug|x86.ActiveCfg = Debug|Any CPU
		{41BD37EA-AB42-4C86-A674-6922DCDF8689}.Debug|x86.Build.0 = Debug|Any CPU
		{41BD37EA-AB42-4C86-A674-6922DCDF8689}.Release|Any CPU.ActiveCfg = Release|Any CPU
		{41BD37EA-AB42-4C86-A674-6922DCDF8689}.Release|Any CPU.Build.0 = Release|Any CPU
		{41BD37EA-AB42-4C86-A674-6922DCDF8689}.Release|x64.ActiveCfg = Release|Any CPU
		{41BD37EA-AB42-4C86-A674-6922DCDF8689}.Release|x64.Build.0 = Release|Any CPU
		{41BD37EA-AB42-4C86-A674-6922DCDF8689}.Release|x86.ActiveCfg = Release|Any CPU
		{41BD37EA-AB42-4C86-A674-6922DCDF8689}.Release|x86.Build.0 = Release|Any CPU
		{3DE7482D-0749-40C2-B8C7-0C031E40A719}.Debug|Any CPU.ActiveCfg = Debug|Any CPU
		{3DE7482D-0749-40C2-B8C7-0C031E40A719}.Debug|Any CPU.Build.0 = Debug|Any CPU
		{3DE7482D-0749-40C2-B8C7-0C031E40A719}.Debug|x64.ActiveCfg = Debug|Any CPU
		{3DE7482D-0749-40C2-B8C7-0C031E40A719}.Debug|x64.Build.0 = Debug|Any CPU
		{3DE7482D-0749-40C2-B8C7-0C031E40A719}.Debug|x86.ActiveCfg = Debug|Any CPU
		{3DE7482D-0749-40C2-B8C7-0C031E40A719}.Debug|x86.Build.0 = Debug|Any CPU
		{3DE7482D-0749-40C2-B8C7-0C031E40A719}.Release|Any CPU.ActiveCfg = Release|Any CPU
		{3DE7482D-0749-40C2-B8C7-0C031E40A719}.Release|Any CPU.Build.0 = Release|Any CPU
		{3DE7482D-0749-40C2-B8C7-0C031E40A719}.Release|x64.ActiveCfg = Release|Any CPU
		{3DE7482D-0749-40C2-B8C7-0C031E40A719}.Release|x64.Build.0 = Release|Any CPU
		{3DE7482D-0749-40C2-B8C7-0C031E40A719}.Release|x86.ActiveCfg = Release|Any CPU
		{3DE7482D-0749-40C2-B8C7-0C031E40A719}.Release|x86.Build.0 = Release|Any CPU
		{44ABF197-CAB1-4DCE-8E67-9C7337136840}.Debug|Any CPU.ActiveCfg = Debug|Any CPU
		{44ABF197-CAB1-4DCE-8E67-9C7337136840}.Debug|Any CPU.Build.0 = Debug|Any CPU
		{44ABF197-CAB1-4DCE-8E67-9C7337136840}.Debug|x64.ActiveCfg = Debug|Any CPU
		{44ABF197-CAB1-4DCE-8E67-9C7337136840}.Debug|x64.Build.0 = Debug|Any CPU
		{44ABF197-CAB1-4DCE-8E67-9C7337136840}.Debug|x86.ActiveCfg = Debug|Any CPU
		{44ABF197-CAB1-4DCE-8E67-9C7337136840}.Debug|x86.Build.0 = Debug|Any CPU
		{44ABF197-CAB1-4DCE-8E67-9C7337136840}.Release|Any CPU.ActiveCfg = Release|Any CPU
		{44ABF197-CAB1-4DCE-8E67-9C7337136840}.Release|Any CPU.Build.0 = Release|Any CPU
		{44ABF197-CAB1-4DCE-8E67-9C7337136840}.Release|x64.ActiveCfg = Release|Any CPU
		{44ABF197-CAB1-4DCE-8E67-9C7337136840}.Release|x64.Build.0 = Release|Any CPU
		{44ABF197-CAB1-4DCE-8E67-9C7337136840}.Release|x86.ActiveCfg = Release|Any CPU
		{44ABF197-CAB1-4DCE-8E67-9C7337136840}.Release|x86.Build.0 = Release|Any CPU
		{5380F743-6B79-4922-98E2-13CA8D15AD7A}.Debug|Any CPU.ActiveCfg = Debug|Any CPU
		{5380F743-6B79-4922-98E2-13CA8D15AD7A}.Debug|Any CPU.Build.0 = Debug|Any CPU
		{5380F743-6B79-4922-98E2-13CA8D15AD7A}.Debug|x64.ActiveCfg = Debug|Any CPU
		{5380F743-6B79-4922-98E2-13CA8D15AD7A}.Debug|x64.Build.0 = Debug|Any CPU
		{5380F743-6B79-4922-98E2-13CA8D15AD7A}.Debug|x86.ActiveCfg = Debug|Any CPU
		{5380F743-6B79-4922-98E2-13CA8D15AD7A}.Debug|x86.Build.0 = Debug|Any CPU
		{5380F743-6B79-4922-98E2-13CA8D15AD7A}.Release|Any CPU.ActiveCfg = Release|Any CPU
		{5380F743-6B79-4922-98E2-13CA8D15AD7A}.Release|Any CPU.Build.0 = Release|Any CPU
		{5380F743-6B79-4922-98E2-13CA8D15AD7A}.Release|x64.ActiveCfg = Release|Any CPU
		{5380F743-6B79-4922-98E2-13CA8D15AD7A}.Release|x64.Build.0 = Release|Any CPU
		{5380F743-6B79-4922-98E2-13CA8D15AD7A}.Release|x86.ActiveCfg = Release|Any CPU
		{5380F743-6B79-4922-98E2-13CA8D15AD7A}.Release|x86.Build.0 = Release|Any CPU
		{F2A4B7C1-4D2A-4A40-9D86-9B0D4A6BB4B1}.Debug|Any CPU.ActiveCfg = Debug|Any CPU
		{F2A4B7C1-4D2A-4A40-9D86-9B0D4A6BB4B1}.Debug|Any CPU.Build.0 = Debug|Any CPU
		{F2A4B7C1-4D2A-4A40-9D86-9B0D4A6BB4B1}.Debug|x64.ActiveCfg = Debug|Any CPU
		{F2A4B7C1-4D2A-4A40-9D86-9B0D4A6BB4B1}.Debug|x64.Build.0 = Debug|Any CPU
		{F2A4B7C1-4D2A-4A40-9D86-9B0D4A6BB4B1}.Debug|x86.ActiveCfg = Debug|Any CPU
		{F2A4B7C1-4D2A-4A40-9D86-9B0D4A6BB4B1}.Debug|x86.Build.0 = Debug|Any CPU
		{F2A4B7C1-4D2A-4A40-9D86-9B0D4A6BB4B1}.Release|Any CPU.ActiveCfg = Release|Any CPU
		{F2A4B7C1-4D2A-4A40-9D86-9B0D4A6BB4B1}.Release|Any CPU.Build.0 = Release|Any CPU
		{F2A4B7C1-4D2A-4A40-9D86-9B0D4A6BB4B1}.Release|x64.ActiveCfg = Release|Any CPU
		{F2A4B7C1-4D2A-4A40-9D86-9B0D4A6BB4B1}.Release|x64.Build.0 = Release|Any CPU
		{F2A4B7C1-4D2A-4A40-9D86-9B0D4A6BB4B1}.Release|x86.ActiveCfg = Release|Any CPU
		{F2A4B7C1-4D2A-4A40-9D86-9B0D4A6BB4B1}.Release|x86.Build.0 = Release|Any CPU
		{A1E7B5C2-7B64-4CFB-9D4C-1D9E35C20311}.Debug|Any CPU.ActiveCfg = Debug|Any CPU
		{A1E7B5C2-7B64-4CFB-9D4C-1D9E35C20311}.Debug|Any CPU.Build.0 = Debug|Any CPU
		{A1E7B5C2-7B64-4CFB-9D4C-1D9E35C20311}.Debug|x64.ActiveCfg = Debug|Any CPU
		{A1E7B5C2-7B64-4CFB-9D4C-1D9E35C20311}.Debug|x64.Build.0 = Debug|Any CPU
		{A1E7B5C2-7B64-4CFB-9D4C-1D9E35C20311}.Debug|x86.ActiveCfg = Debug|Any CPU
		{A1E7B5C2-7B64-4CFB-9D4C-1D9E35C20311}.Debug|x86.Build.0 = Debug|Any CPU
		{A1E7B5C2-7B64-4CFB-9D4C-1D9E35C20311}.Release|Any CPU.ActiveCfg = Release|Any CPU
		{A1E7B5C2-7B64-4CFB-9D4C-1D9E35C20311}.Release|Any CPU.Build.0 = Release|Any CPU
		{A1E7B5C2-7B64-4CFB-9D4C-1D9E35C20311}.Release|x64.ActiveCfg = Release|Any CPU
		{A1E7B5C2-7B64-4CFB-9D4C-1D9E35C20311}.Release|x64.Build.0 = Release|Any CPU
		{A1E7B5C2-7B64-4CFB-9D4C-1D9E35C20311}.Release|x86.ActiveCfg = Release|Any CPU
		{A1E7B5C2-7B64-4CFB-9D4C-1D9E35C20311}.Release|x86.Build.0 = Release|Any CPU
		{B2F8C6D3-8C75-4D0C-AE5D-2EAF46D31422}.Debug|Any CPU.ActiveCfg = Debug|Any CPU
		{B2F8C6D3-8C75-4D0C-AE5D-2EAF46D31422}.Debug|Any CPU.Build.0 = Debug|Any CPU
		{B2F8C6D3-8C75-4D0C-AE5D-2EAF46D31422}.Debug|x64.ActiveCfg = Debug|Any CPU
		{B2F8C6D3-8C75-4D0C-AE5D-2EAF46D31422}.Debug|x64.Build.0 = Debug|Any CPU
		{B2F8C6D3-8C75-4D0C-AE5D-2EAF46D31422}.Debug|x86.ActiveCfg = Debug|Any CPU
		{B2F8C6D3-8C75-4D0C-AE5D-2EAF46D31422}.Debug|x86.Build.0 = Debug|Any CPU
		{B2F8C6D3-8C75-4D0C-AE5D-2EAF46D31422}.Release|Any CPU.ActiveCfg = Release|Any CPU
		{B2F8C6D3-8C75-4D0C-AE5D-2EAF46D31422}.Release|Any CPU.Build.0 = Release|Any CPU
		{B2F8C6D3-8C75-4D0C-AE5D-2EAF46D31422}.Release|x64.ActiveCfg = Release|Any CPU
		{B2F8C6D3-8C75-4D0C-AE5D-2EAF46D31422}.Release|x64.Build.0 = Release|Any CPU
		{B2F8C6D3-8C75-4D0C-AE5D-2EAF46D31422}.Release|x86.ActiveCfg = Release|Any CPU
		{B2F8C6D3-8C75-4D0C-AE5D-2EAF46D31422}.Release|x86.Build.0 = Release|Any CPU
		{C3A9D7E4-9D86-4E1D-BF6E-3FB057E42533}.Debug|Any CPU.ActiveCfg = Debug|Any CPU
		{C3A9D7E4-9D86-4E1D-BF6E-3FB057E42533}.Debug|Any CPU.Build.0 = Debug|Any CPU
		{C3A9D7E4-9D86-4E1D-BF6E-3FB057E42533}.Debug|x64.ActiveCfg = Debug|Any CPU
		{C3A9D7E4-9D86-4E1D-BF6E-3FB057E42533}.Debug|x64.Build.0 = Debug|Any CPU
		{C3A9D7E4-9D86-4E1D-BF6E-3FB057E42533}.Debug|x86.ActiveCfg = Debug|Any CPU
		{C3A9D7E4-9D86-4E1D-BF6E-3FB057E42533}.Debug|x86.Build.0 = Debug|Any CPU
		{C3A9D7E4-9D86-4E1D-BF6E-3FB057E42533}.Release|Any CPU.ActiveCfg = Release|Any CPU
		{C3A9D7E4-9D86-4E1D-BF6E-3FB057E42533}.Release|Any CPU.Build.0 = Release|Any CPU
		{C3A9D7E4-9D86-4E1D-BF6E-3FB057E42533}.Release|x64.ActiveCfg = Release|Any CPU
		{C3A9D7E4-9D86-4E1D-BF6E-3FB057E42533}.Release|x64.Build.0 = Release|Any CPU
		{C3A9D7E4-9D86-4E1D-BF6E-3FB057E42533}.Release|x86.ActiveCfg = Release|Any CPU
		{C3A9D7E4-9D86-4E1D-BF6E-3FB057E42533}.Release|x86.Build.0 = Release|Any CPU
		{D4BAE8F5-AE97-4F2E-C07F-40C168F53644}.Debug|Any CPU.ActiveCfg = Debug|Any CPU
		{D4BAE8F5-AE97-4F2E-C07F-40C168F53644}.Debug|Any CPU.Build.0 = Debug|Any CPU
		{D4BAE8F5-AE97-4F2E-C07F-40C168F53644}.Debug|x64.ActiveCfg = Debug|Any CPU
		{D4BAE8F5-AE97-4F2E-C07F-40C168F53644}.Debug|x64.Build.0 = Debug|Any CPU
		{D4BAE8F5-AE97-4F2E-C07F-40C168F53644}.Debug|x86.ActiveCfg = Debug|Any CPU
		{D4BAE8F5-AE97-4F2E-C07F-40C168F53644}.Debug|x86.Build.0 = Debug|Any CPU
		{D4BAE8F5-AE97-4F2E-C07F-40C168F53644}.Release|Any CPU.ActiveCfg = Release|Any CPU
		{D4BAE8F5-AE97-4F2E-C07F-40C168F53644}.Release|Any CPU.Build.0 = Release|Any CPU
		{D4BAE8F5-AE97-4F2E-C07F-40C168F53644}.Release|x64.ActiveCfg = Release|Any CPU
		{D4BAE8F5-AE97-4F2E-C07F-40C168F53644}.Release|x64.Build.0 = Release|Any CPU
		{D4BAE8F5-AE97-4F2E-C07F-40C168F53644}.Release|x86.ActiveCfg = Release|Any CPU
		{D4BAE8F5-AE97-4F2E-C07F-40C168F53644}.Release|x86.Build.0 = Release|Any CPU
		{F6DCF017-C0B9-4142-E291-62E38A075866}.Debug|Any CPU.ActiveCfg = Debug|Any CPU
		{F6DCF017-C0B9-4142-E291-62E38A075866}.Debug|Any CPU.Build.0 = Debug|Any CPU
		{F6DCF017-C0B9-4142-E291-62E38A075866}.Debug|x64.ActiveCfg = Debug|Any CPU
		{F6DCF017-C0B9-4142-E291-62E38A075866}.Debug|x64.Build.0 = Debug|Any CPU
		{F6DCF017-C0B9-4142-E291-62E38A075866}.Debug|x86.ActiveCfg = Debug|Any CPU
		{F6DCF017-C0B9-4142-E291-62E38A075866}.Debug|x86.Build.0 = Debug|Any CPU
		{F6DCF017-C0B9-4142-E291-62E38A075866}.Release|Any CPU.ActiveCfg = Release|Any CPU
		{F6DCF017-C0B9-4142-E291-62E38A075866}.Release|Any CPU.Build.0 = Release|Any CPU
		{F6DCF017-C0B9-4142-E291-62E38A075866}.Release|x64.ActiveCfg = Release|Any CPU
		{F6DCF017-C0B9-4142-E291-62E38A075866}.Release|x64.Build.0 = Release|Any CPU
		{F6DCF017-C0B9-4142-E291-62E38A075866}.Release|x86.ActiveCfg = Release|Any CPU
		{F6DCF017-C0B9-4142-E291-62E38A075866}.Release|x86.Build.0 = Release|Any CPU
		{E5CBF906-BFA8-403F-D180-51D279F64755}.Debug|Any CPU.ActiveCfg = Debug|Any CPU
		{E5CBF906-BFA8-403F-D180-51D279F64755}.Debug|Any CPU.Build.0 = Debug|Any CPU
		{E5CBF906-BFA8-403F-D180-51D279F64755}.Debug|x64.ActiveCfg = Debug|Any CPU
		{E5CBF906-BFA8-403F-D180-51D279F64755}.Debug|x64.Build.0 = Debug|Any CPU
		{E5CBF906-BFA8-403F-D180-51D279F64755}.Debug|x86.ActiveCfg = Debug|Any CPU
		{E5CBF906-BFA8-403F-D180-51D279F64755}.Debug|x86.Build.0 = Debug|Any CPU
		{E5CBF906-BFA8-403F-D180-51D279F64755}.Release|Any CPU.ActiveCfg = Release|Any CPU
		{E5CBF906-BFA8-403F-D180-51D279F64755}.Release|Any CPU.Build.0 = Release|Any CPU
		{E5CBF906-BFA8-403F-D180-51D279F64755}.Release|x64.ActiveCfg = Release|Any CPU
		{E5CBF906-BFA8-403F-D180-51D279F64755}.Release|x64.Build.0 = Release|Any CPU
		{E5CBF906-BFA8-403F-D180-51D279F64755}.Release|x86.ActiveCfg = Release|Any CPU
		{E5CBF906-BFA8-403F-D180-51D279F64755}.Release|x86.Build.0 = Release|Any CPU
		{A8197ED0-3C84-4D13-A31A-FECD5C309830}.Debug|Any CPU.ActiveCfg = Debug|Any CPU
		{A8197ED0-3C84-4D13-A31A-FECD5C309830}.Debug|Any CPU.Build.0 = Debug|Any CPU
		{A8197ED0-3C84-4D13-A31A-FECD5C309830}.Debug|x64.ActiveCfg = Debug|Any CPU
		{A8197ED0-3C84-4D13-A31A-FECD5C309830}.Debug|x64.Build.0 = Debug|Any CPU
		{A8197ED0-3C84-4D13-A31A-FECD5C309830}.Debug|x86.ActiveCfg = Debug|Any CPU
		{A8197ED0-3C84-4D13-A31A-FECD5C309830}.Debug|x86.Build.0 = Debug|Any CPU
		{A8197ED0-3C84-4D13-A31A-FECD5C309830}.Release|Any CPU.ActiveCfg = Release|Any CPU
		{A8197ED0-3C84-4D13-A31A-FECD5C309830}.Release|Any CPU.Build.0 = Release|Any CPU
		{A8197ED0-3C84-4D13-A31A-FECD5C309830}.Release|x64.ActiveCfg = Release|Any CPU
		{A8197ED0-3C84-4D13-A31A-FECD5C309830}.Release|x64.Build.0 = Release|Any CPU
		{A8197ED0-3C84-4D13-A31A-FECD5C309830}.Release|x86.ActiveCfg = Release|Any CPU
		{A8197ED0-3C84-4D13-A31A-FECD5C309830}.Release|x86.Build.0 = Release|Any CPU
		{F7A1B2C3-D4E5-46F7-8901-234567890001}.Debug|Any CPU.ActiveCfg = Debug|Any CPU
		{F7A1B2C3-D4E5-46F7-8901-234567890001}.Debug|Any CPU.Build.0 = Debug|Any CPU
		{F7A1B2C3-D4E5-46F7-8901-234567890001}.Debug|x64.ActiveCfg = Debug|Any CPU
		{F7A1B2C3-D4E5-46F7-8901-234567890001}.Debug|x64.Build.0 = Debug|Any CPU
		{F7A1B2C3-D4E5-46F7-8901-234567890001}.Debug|x86.ActiveCfg = Debug|Any CPU
		{F7A1B2C3-D4E5-46F7-8901-234567890001}.Debug|x86.Build.0 = Debug|Any CPU
		{F7A1B2C3-D4E5-46F7-8901-234567890001}.Release|Any CPU.ActiveCfg = Release|Any CPU
		{F7A1B2C3-D4E5-46F7-8901-234567890001}.Release|Any CPU.Build.0 = Release|Any CPU
		{F7A1B2C3-D4E5-46F7-8901-234567890001}.Release|x64.ActiveCfg = Release|Any CPU
		{F7A1B2C3-D4E5-46F7-8901-234567890001}.Release|x64.Build.0 = Release|Any CPU
		{F7A1B2C3-D4E5-46F7-8901-234567890001}.Release|x86.ActiveCfg = Release|Any CPU
		{F7A1B2C3-D4E5-46F7-8901-234567890001}.Release|x86.Build.0 = Release|Any CPU
		{F7A1B2C3-D4E5-46F7-8901-234567890002}.Debug|Any CPU.ActiveCfg = Debug|Any CPU
		{F7A1B2C3-D4E5-46F7-8901-234567890002}.Debug|Any CPU.Build.0 = Debug|Any CPU
		{F7A1B2C3-D4E5-46F7-8901-234567890002}.Debug|x64.ActiveCfg = Debug|Any CPU
		{F7A1B2C3-D4E5-46F7-8901-234567890002}.Debug|x64.Build.0 = Debug|Any CPU
		{F7A1B2C3-D4E5-46F7-8901-234567890002}.Debug|x86.ActiveCfg = Debug|Any CPU
		{F7A1B2C3-D4E5-46F7-8901-234567890002}.Debug|x86.Build.0 = Debug|Any CPU
		{F7A1B2C3-D4E5-46F7-8901-234567890002}.Release|Any CPU.ActiveCfg = Release|Any CPU
		{F7A1B2C3-D4E5-46F7-8901-234567890002}.Release|Any CPU.Build.0 = Release|Any CPU
		{F7A1B2C3-D4E5-46F7-8901-234567890002}.Release|x64.ActiveCfg = Release|Any CPU
		{F7A1B2C3-D4E5-46F7-8901-234567890002}.Release|x64.Build.0 = Release|Any CPU
		{F7A1B2C3-D4E5-46F7-8901-234567890002}.Release|x86.ActiveCfg = Release|Any CPU
		{F7A1B2C3-D4E5-46F7-8901-234567890002}.Release|x86.Build.0 = Release|Any CPU
		{F7A1B2C3-D4E5-46F7-8901-234567890003}.Debug|Any CPU.ActiveCfg = Debug|Any CPU
		{F7A1B2C3-D4E5-46F7-8901-234567890003}.Debug|Any CPU.Build.0 = Debug|Any CPU
		{F7A1B2C3-D4E5-46F7-8901-234567890003}.Debug|x64.ActiveCfg = Debug|Any CPU
		{F7A1B2C3-D4E5-46F7-8901-234567890003}.Debug|x64.Build.0 = Debug|Any CPU
		{F7A1B2C3-D4E5-46F7-8901-234567890003}.Debug|x86.ActiveCfg = Debug|Any CPU
		{F7A1B2C3-D4E5-46F7-8901-234567890003}.Debug|x86.Build.0 = Debug|Any CPU
		{F7A1B2C3-D4E5-46F7-8901-234567890003}.Release|Any CPU.ActiveCfg = Release|Any CPU
		{F7A1B2C3-D4E5-46F7-8901-234567890003}.Release|Any CPU.Build.0 = Release|Any CPU
		{F7A1B2C3-D4E5-46F7-8901-234567890003}.Release|x64.ActiveCfg = Release|Any CPU
		{F7A1B2C3-D4E5-46F7-8901-234567890003}.Release|x64.Build.0 = Release|Any CPU
		{F7A1B2C3-D4E5-46F7-8901-234567890003}.Release|x86.ActiveCfg = Release|Any CPU
		{F7A1B2C3-D4E5-46F7-8901-234567890003}.Release|x86.Build.0 = Release|Any CPU
		{0CF87E20-E757-42DB-B385-AC4CC29F766A}.Debug|Any CPU.ActiveCfg = Debug|Any CPU
		{0CF87E20-E757-42DB-B385-AC4CC29F766A}.Debug|Any CPU.Build.0 = Debug|Any CPU
		{0CF87E20-E757-42DB-B385-AC4CC29F766A}.Debug|x64.ActiveCfg = Debug|Any CPU
		{0CF87E20-E757-42DB-B385-AC4CC29F766A}.Debug|x64.Build.0 = Debug|Any CPU
		{0CF87E20-E757-42DB-B385-AC4CC29F766A}.Debug|x86.ActiveCfg = Debug|Any CPU
		{0CF87E20-E757-42DB-B385-AC4CC29F766A}.Debug|x86.Build.0 = Debug|Any CPU
		{0CF87E20-E757-42DB-B385-AC4CC29F766A}.Release|Any CPU.ActiveCfg = Release|Any CPU
		{0CF87E20-E757-42DB-B385-AC4CC29F766A}.Release|Any CPU.Build.0 = Release|Any CPU
		{0CF87E20-E757-42DB-B385-AC4CC29F766A}.Release|x64.ActiveCfg = Release|Any CPU
		{0CF87E20-E757-42DB-B385-AC4CC29F766A}.Release|x64.Build.0 = Release|Any CPU
		{0CF87E20-E757-42DB-B385-AC4CC29F766A}.Release|x86.ActiveCfg = Release|Any CPU
		{0CF87E20-E757-42DB-B385-AC4CC29F766A}.Release|x86.Build.0 = Release|Any CPU
		{E4677E18-BCCC-4558-B11F-1B3AD7E5644F}.Debug|Any CPU.ActiveCfg = Debug|Any CPU
		{E4677E18-BCCC-4558-B11F-1B3AD7E5644F}.Debug|Any CPU.Build.0 = Debug|Any CPU
		{E4677E18-BCCC-4558-B11F-1B3AD7E5644F}.Debug|x64.ActiveCfg = Debug|Any CPU
		{E4677E18-BCCC-4558-B11F-1B3AD7E5644F}.Debug|x64.Build.0 = Debug|Any CPU
		{E4677E18-BCCC-4558-B11F-1B3AD7E5644F}.Debug|x86.ActiveCfg = Debug|Any CPU
		{E4677E18-BCCC-4558-B11F-1B3AD7E5644F}.Debug|x86.Build.0 = Debug|Any CPU
		{E4677E18-BCCC-4558-B11F-1B3AD7E5644F}.Release|Any CPU.ActiveCfg = Release|Any CPU
		{E4677E18-BCCC-4558-B11F-1B3AD7E5644F}.Release|Any CPU.Build.0 = Release|Any CPU
		{E4677E18-BCCC-4558-B11F-1B3AD7E5644F}.Release|x64.ActiveCfg = Release|Any CPU
		{E4677E18-BCCC-4558-B11F-1B3AD7E5644F}.Release|x64.Build.0 = Release|Any CPU
		{E4677E18-BCCC-4558-B11F-1B3AD7E5644F}.Release|x86.ActiveCfg = Release|Any CPU
		{E4677E18-BCCC-4558-B11F-1B3AD7E5644F}.Release|x86.Build.0 = Release|Any CPU
		{3F0AEFE8-3C32-4904-816F-CCF01C7A8B34}.Debug|Any CPU.ActiveCfg = Debug|Any CPU
		{3F0AEFE8-3C32-4904-816F-CCF01C7A8B34}.Debug|Any CPU.Build.0 = Debug|Any CPU
		{3F0AEFE8-3C32-4904-816F-CCF01C7A8B34}.Debug|x64.ActiveCfg = Debug|Any CPU
		{3F0AEFE8-3C32-4904-816F-CCF01C7A8B34}.Debug|x64.Build.0 = Debug|Any CPU
		{3F0AEFE8-3C32-4904-816F-CCF01C7A8B34}.Debug|x86.ActiveCfg = Debug|Any CPU
		{3F0AEFE8-3C32-4904-816F-CCF01C7A8B34}.Debug|x86.Build.0 = Debug|Any CPU
		{3F0AEFE8-3C32-4904-816F-CCF01C7A8B34}.Release|Any CPU.ActiveCfg = Release|Any CPU
		{3F0AEFE8-3C32-4904-816F-CCF01C7A8B34}.Release|Any CPU.Build.0 = Release|Any CPU
		{3F0AEFE8-3C32-4904-816F-CCF01C7A8B34}.Release|x64.ActiveCfg = Release|Any CPU
		{3F0AEFE8-3C32-4904-816F-CCF01C7A8B34}.Release|x64.Build.0 = Release|Any CPU
		{3F0AEFE8-3C32-4904-816F-CCF01C7A8B34}.Release|x86.ActiveCfg = Release|Any CPU
		{3F0AEFE8-3C32-4904-816F-CCF01C7A8B34}.Release|x86.Build.0 = Release|Any CPU
		{D975D308-1585-4E07-8696-1DF1FDA59C33}.Debug|Any CPU.ActiveCfg = Debug|Any CPU
		{D975D308-1585-4E07-8696-1DF1FDA59C33}.Debug|Any CPU.Build.0 = Debug|Any CPU
		{D975D308-1585-4E07-8696-1DF1FDA59C33}.Debug|x64.ActiveCfg = Debug|Any CPU
		{D975D308-1585-4E07-8696-1DF1FDA59C33}.Debug|x64.Build.0 = Debug|Any CPU
		{D975D308-1585-4E07-8696-1DF1FDA59C33}.Debug|x86.ActiveCfg = Debug|Any CPU
		{D975D308-1585-4E07-8696-1DF1FDA59C33}.Debug|x86.Build.0 = Debug|Any CPU
		{D975D308-1585-4E07-8696-1DF1FDA59C33}.Release|Any CPU.ActiveCfg = Release|Any CPU
		{D975D308-1585-4E07-8696-1DF1FDA59C33}.Release|Any CPU.Build.0 = Release|Any CPU
		{D975D308-1585-4E07-8696-1DF1FDA59C33}.Release|x64.ActiveCfg = Release|Any CPU
		{D975D308-1585-4E07-8696-1DF1FDA59C33}.Release|x64.Build.0 = Release|Any CPU
		{D975D308-1585-4E07-8696-1DF1FDA59C33}.Release|x86.ActiveCfg = Release|Any CPU
		{D975D308-1585-4E07-8696-1DF1FDA59C33}.Release|x86.Build.0 = Release|Any CPU
		{274EE741-7854-4946-8124-0EB9C3B1B8C9}.Debug|Any CPU.ActiveCfg = Debug|Any CPU
		{274EE741-7854-4946-8124-0EB9C3B1B8C9}.Debug|Any CPU.Build.0 = Debug|Any CPU
		{274EE741-7854-4946-8124-0EB9C3B1B8C9}.Debug|x64.ActiveCfg = Debug|Any CPU
		{274EE741-7854-4946-8124-0EB9C3B1B8C9}.Debug|x64.Build.0 = Debug|Any CPU
		{274EE741-7854-4946-8124-0EB9C3B1B8C9}.Debug|x86.ActiveCfg = Debug|Any CPU
		{274EE741-7854-4946-8124-0EB9C3B1B8C9}.Debug|x86.Build.0 = Debug|Any CPU
		{274EE741-7854-4946-8124-0EB9C3B1B8C9}.Release|Any CPU.ActiveCfg = Release|Any CPU
		{274EE741-7854-4946-8124-0EB9C3B1B8C9}.Release|Any CPU.Build.0 = Release|Any CPU
		{274EE741-7854-4946-8124-0EB9C3B1B8C9}.Release|x64.ActiveCfg = Release|Any CPU
		{274EE741-7854-4946-8124-0EB9C3B1B8C9}.Release|x64.Build.0 = Release|Any CPU
		{274EE741-7854-4946-8124-0EB9C3B1B8C9}.Release|x86.ActiveCfg = Release|Any CPU
		{274EE741-7854-4946-8124-0EB9C3B1B8C9}.Release|x86.Build.0 = Release|Any CPU
		{C9F3C918-677A-473F-B1EE-B90CFFBE87C8}.Debug|Any CPU.ActiveCfg = Debug|Any CPU
		{C9F3C918-677A-473F-B1EE-B90CFFBE87C8}.Debug|Any CPU.Build.0 = Debug|Any CPU
		{C9F3C918-677A-473F-B1EE-B90CFFBE87C8}.Debug|x64.ActiveCfg = Debug|Any CPU
		{C9F3C918-677A-473F-B1EE-B90CFFBE87C8}.Debug|x64.Build.0 = Debug|Any CPU
		{C9F3C918-677A-473F-B1EE-B90CFFBE87C8}.Debug|x86.ActiveCfg = Debug|Any CPU
		{C9F3C918-677A-473F-B1EE-B90CFFBE87C8}.Debug|x86.Build.0 = Debug|Any CPU
		{C9F3C918-677A-473F-B1EE-B90CFFBE87C8}.Release|Any CPU.ActiveCfg = Release|Any CPU
		{C9F3C918-677A-473F-B1EE-B90CFFBE87C8}.Release|Any CPU.Build.0 = Release|Any CPU
		{C9F3C918-677A-473F-B1EE-B90CFFBE87C8}.Release|x64.ActiveCfg = Release|Any CPU
		{C9F3C918-677A-473F-B1EE-B90CFFBE87C8}.Release|x64.Build.0 = Release|Any CPU
		{C9F3C918-677A-473F-B1EE-B90CFFBE87C8}.Release|x86.ActiveCfg = Release|Any CPU
		{C9F3C918-677A-473F-B1EE-B90CFFBE87C8}.Release|x86.Build.0 = Release|Any CPU
		{5AAA63A6-F99A-43F2-A17E-037FB82DD0A1}.Debug|Any CPU.ActiveCfg = Debug|Any CPU
		{5AAA63A6-F99A-43F2-A17E-037FB82DD0A1}.Debug|Any CPU.Build.0 = Debug|Any CPU
		{5AAA63A6-F99A-43F2-A17E-037FB82DD0A1}.Debug|x64.ActiveCfg = Debug|Any CPU
		{5AAA63A6-F99A-43F2-A17E-037FB82DD0A1}.Debug|x64.Build.0 = Debug|Any CPU
		{5AAA63A6-F99A-43F2-A17E-037FB82DD0A1}.Debug|x86.ActiveCfg = Debug|Any CPU
		{5AAA63A6-F99A-43F2-A17E-037FB82DD0A1}.Debug|x86.Build.0 = Debug|Any CPU
		{5AAA63A6-F99A-43F2-A17E-037FB82DD0A1}.Release|Any CPU.ActiveCfg = Release|Any CPU
		{5AAA63A6-F99A-43F2-A17E-037FB82DD0A1}.Release|Any CPU.Build.0 = Release|Any CPU
		{5AAA63A6-F99A-43F2-A17E-037FB82DD0A1}.Release|x64.ActiveCfg = Release|Any CPU
		{5AAA63A6-F99A-43F2-A17E-037FB82DD0A1}.Release|x64.Build.0 = Release|Any CPU
		{5AAA63A6-F99A-43F2-A17E-037FB82DD0A1}.Release|x86.ActiveCfg = Release|Any CPU
		{5AAA63A6-F99A-43F2-A17E-037FB82DD0A1}.Release|x86.Build.0 = Release|Any CPU
		{3C2937FB-D6A0-45FE-BC34-DFA1BF5AE202}.Debug|Any CPU.ActiveCfg = Debug|Any CPU
		{3C2937FB-D6A0-45FE-BC34-DFA1BF5AE202}.Debug|Any CPU.Build.0 = Debug|Any CPU
		{3C2937FB-D6A0-45FE-BC34-DFA1BF5AE202}.Debug|x64.ActiveCfg = Debug|Any CPU
		{3C2937FB-D6A0-45FE-BC34-DFA1BF5AE202}.Debug|x64.Build.0 = Debug|Any CPU
		{3C2937FB-D6A0-45FE-BC34-DFA1BF5AE202}.Debug|x86.ActiveCfg = Debug|Any CPU
		{3C2937FB-D6A0-45FE-BC34-DFA1BF5AE202}.Debug|x86.Build.0 = Debug|Any CPU
		{3C2937FB-D6A0-45FE-BC34-DFA1BF5AE202}.Release|Any CPU.ActiveCfg = Release|Any CPU
		{3C2937FB-D6A0-45FE-BC34-DFA1BF5AE202}.Release|Any CPU.Build.0 = Release|Any CPU
		{3C2937FB-D6A0-45FE-BC34-DFA1BF5AE202}.Release|x64.ActiveCfg = Release|Any CPU
		{3C2937FB-D6A0-45FE-BC34-DFA1BF5AE202}.Release|x64.Build.0 = Release|Any CPU
		{3C2937FB-D6A0-45FE-BC34-DFA1BF5AE202}.Release|x86.ActiveCfg = Release|Any CPU
		{3C2937FB-D6A0-45FE-BC34-DFA1BF5AE202}.Release|x86.Build.0 = Release|Any CPU
		{7A4D8E11-0B2F-4F42-9D72-8A6C9E4A1F01}.Debug|Any CPU.ActiveCfg = Debug|Any CPU
		{7A4D8E11-0B2F-4F42-9D72-8A6C9E4A1F01}.Debug|Any CPU.Build.0 = Debug|Any CPU
		{7A4D8E11-0B2F-4F42-9D72-8A6C9E4A1F01}.Debug|x64.ActiveCfg = Debug|Any CPU
		{7A4D8E11-0B2F-4F42-9D72-8A6C9E4A1F01}.Debug|x64.Build.0 = Debug|Any CPU
		{7A4D8E11-0B2F-4F42-9D72-8A6C9E4A1F01}.Debug|x86.ActiveCfg = Debug|Any CPU
		{7A4D8E11-0B2F-4F42-9D72-8A6C9E4A1F01}.Debug|x86.Build.0 = Debug|Any CPU
		{7A4D8E11-0B2F-4F42-9D72-8A6C9E4A1F01}.Release|Any CPU.ActiveCfg = Release|Any CPU
		{7A4D8E11-0B2F-4F42-9D72-8A6C9E4A1F01}.Release|Any CPU.Build.0 = Release|Any CPU
		{7A4D8E11-0B2F-4F42-9D72-8A6C9E4A1F01}.Release|x64.ActiveCfg = Release|Any CPU
		{7A4D8E11-0B2F-4F42-9D72-8A6C9E4A1F01}.Release|x64.Build.0 = Release|Any CPU
		{7A4D8E11-0B2F-4F42-9D72-8A6C9E4A1F01}.Release|x86.ActiveCfg = Release|Any CPU
		{7A4D8E11-0B2F-4F42-9D72-8A6C9E4A1F01}.Release|x86.Build.0 = Release|Any CPU
		{7A4D8E11-0B2F-4F42-9D72-8A6C9E4A1F02}.Debug|Any CPU.ActiveCfg = Debug|Any CPU
		{7A4D8E11-0B2F-4F42-9D72-8A6C9E4A1F02}.Debug|Any CPU.Build.0 = Debug|Any CPU
		{7A4D8E11-0B2F-4F42-9D72-8A6C9E4A1F02}.Debug|x64.ActiveCfg = Debug|Any CPU
		{7A4D8E11-0B2F-4F42-9D72-8A6C9E4A1F02}.Debug|x64.Build.0 = Debug|Any CPU
		{7A4D8E11-0B2F-4F42-9D72-8A6C9E4A1F02}.Debug|x86.ActiveCfg = Debug|Any CPU
		{7A4D8E11-0B2F-4F42-9D72-8A6C9E4A1F02}.Debug|x86.Build.0 = Debug|Any CPU
		{7A4D8E11-0B2F-4F42-9D72-8A6C9E4A1F02}.Release|Any CPU.ActiveCfg = Release|Any CPU
		{7A4D8E11-0B2F-4F42-9D72-8A6C9E4A1F02}.Release|Any CPU.Build.0 = Release|Any CPU
		{7A4D8E11-0B2F-4F42-9D72-8A6C9E4A1F02}.Release|x64.ActiveCfg = Release|Any CPU
		{7A4D8E11-0B2F-4F42-9D72-8A6C9E4A1F02}.Release|x64.Build.0 = Release|Any CPU
		{7A4D8E11-0B2F-4F42-9D72-8A6C9E4A1F02}.Release|x86.ActiveCfg = Release|Any CPU
		{7A4D8E11-0B2F-4F42-9D72-8A6C9E4A1F02}.Release|x86.Build.0 = Release|Any CPU
		{795CB1F8-29A2-4DC6-BC21-FC44933A3253}.Debug|Any CPU.ActiveCfg = Debug|Any CPU
		{795CB1F8-29A2-4DC6-BC21-FC44933A3253}.Debug|Any CPU.Build.0 = Debug|Any CPU
		{795CB1F8-29A2-4DC6-BC21-FC44933A3253}.Debug|x64.ActiveCfg = Debug|Any CPU
		{795CB1F8-29A2-4DC6-BC21-FC44933A3253}.Debug|x64.Build.0 = Debug|Any CPU
		{795CB1F8-29A2-4DC6-BC21-FC44933A3253}.Debug|x86.ActiveCfg = Debug|Any CPU
		{795CB1F8-29A2-4DC6-BC21-FC44933A3253}.Debug|x86.Build.0 = Debug|Any CPU
		{795CB1F8-29A2-4DC6-BC21-FC44933A3253}.Release|Any CPU.ActiveCfg = Release|Any CPU
		{795CB1F8-29A2-4DC6-BC21-FC44933A3253}.Release|Any CPU.Build.0 = Release|Any CPU
		{795CB1F8-29A2-4DC6-BC21-FC44933A3253}.Release|x64.ActiveCfg = Release|Any CPU
		{795CB1F8-29A2-4DC6-BC21-FC44933A3253}.Release|x64.Build.0 = Release|Any CPU
		{795CB1F8-29A2-4DC6-BC21-FC44933A3253}.Release|x86.ActiveCfg = Release|Any CPU
		{795CB1F8-29A2-4DC6-BC21-FC44933A3253}.Release|x86.Build.0 = Release|Any CPU
		{B00B7F27-FE4E-4FE8-BA07-6A3459D61764}.Debug|Any CPU.ActiveCfg = Debug|Any CPU
		{B00B7F27-FE4E-4FE8-BA07-6A3459D61764}.Debug|Any CPU.Build.0 = Debug|Any CPU
		{B00B7F27-FE4E-4FE8-BA07-6A3459D61764}.Debug|x64.ActiveCfg = Debug|Any CPU
		{B00B7F27-FE4E-4FE8-BA07-6A3459D61764}.Debug|x64.Build.0 = Debug|Any CPU
		{B00B7F27-FE4E-4FE8-BA07-6A3459D61764}.Debug|x86.ActiveCfg = Debug|Any CPU
		{B00B7F27-FE4E-4FE8-BA07-6A3459D61764}.Debug|x86.Build.0 = Debug|Any CPU
		{B00B7F27-FE4E-4FE8-BA07-6A3459D61764}.Release|Any CPU.ActiveCfg = Release|Any CPU
		{B00B7F27-FE4E-4FE8-BA07-6A3459D61764}.Release|Any CPU.Build.0 = Release|Any CPU
		{B00B7F27-FE4E-4FE8-BA07-6A3459D61764}.Release|x64.ActiveCfg = Release|Any CPU
		{B00B7F27-FE4E-4FE8-BA07-6A3459D61764}.Release|x64.Build.0 = Release|Any CPU
		{B00B7F27-FE4E-4FE8-BA07-6A3459D61764}.Release|x86.ActiveCfg = Release|Any CPU
		{B00B7F27-FE4E-4FE8-BA07-6A3459D61764}.Release|x86.Build.0 = Release|Any CPU
	EndGlobalSection
	GlobalSection(SolutionProperties) = preSolution
		HideSolutionNode = FALSE
	EndGlobalSection
	GlobalSection(NestedProjects) = preSolution
		{D0E5142E-B26B-459C-875A-BEE59DB02806} = {66320409-64EC-F7C5-3DEF-65E7510DAAD1}
		{D25CFEF5-9AE7-42F8-BCA5-A324CDDC06FB} = {827E0CD3-B72D-47B6-A68D-7590B98EB39B}
		{9009964F-FF37-4083-9259-083DA7F03437} = {827E0CD3-B72D-47B6-A68D-7590B98EB39B}
		{C317A90F-85E1-4B25-8FD1-0123DAB3405F} = {827E0CD3-B72D-47B6-A68D-7590B98EB39B}
		{116C7675-2E2C-4DBB-B684-1BB7D83FA5EF} = {827E0CD3-B72D-47B6-A68D-7590B98EB39B}
		{97E01589-F160-4DCC-9210-C1EA189B12DB} = {827E0CD3-B72D-47B6-A68D-7590B98EB39B}
		{6B1CF339-EDD9-44A4-8B83-98D90BC22C0D} = {827E0CD3-B72D-47B6-A68D-7590B98EB39B}
		{BB5B24F9-3ABC-4F1A-80DA-97CA77EA6838} = {827E0CD3-B72D-47B6-A68D-7590B98EB39B}
		{EBB86AE4-57BC-4F41-A14A-57FD071BBD22} = {827E0CD3-B72D-47B6-A68D-7590B98EB39B}
		{03D874EC-818A-41BB-B578-7B7D685E606F} = {827E0CD3-B72D-47B6-A68D-7590B98EB39B}
		{65AC8DF1-DF9B-412B-A8A2-D8566BBB9CCA} = {827E0CD3-B72D-47B6-A68D-7590B98EB39B}
		{CE8B32C7-3FAD-4625-A378-CB55F3CA57F4} = {827E0CD3-B72D-47B6-A68D-7590B98EB39B}
		{2BE24F38-4B36-4C26-BF12-BBC1A957FF8F} = {827E0CD3-B72D-47B6-A68D-7590B98EB39B}
		{41BD37EA-AB42-4C86-A674-6922DCDF8689} = {0AB3BF05-4346-4AA6-1389-037BE0695223}
		{3DE7482D-0749-40C2-B8C7-0C031E40A719} = {0AB3BF05-4346-4AA6-1389-037BE0695223}
		{44ABF197-CAB1-4DCE-8E67-9C7337136840} = {0AB3BF05-4346-4AA6-1389-037BE0695223}
		{5380F743-6B79-4922-98E2-13CA8D15AD7A} = {0AB3BF05-4346-4AA6-1389-037BE0695223}
		{F2A4B7C1-4D2A-4A40-9D86-9B0D4A6BB4B1} = {0AB3BF05-4346-4AA6-1389-037BE0695223}
		{A1E7B5C2-7B64-4CFB-9D4C-1D9E35C20311} = {827E0CD3-B72D-47B6-A68D-7590B98EB39B}
		{B2F8C6D3-8C75-4D0C-AE5D-2EAF46D31422} = {827E0CD3-B72D-47B6-A68D-7590B98EB39B}
		{C3A9D7E4-9D86-4E1D-BF6E-3FB057E42533} = {827E0CD3-B72D-47B6-A68D-7590B98EB39B}
		{D4BAE8F5-AE97-4F2E-C07F-40C168F53644} = {827E0CD3-B72D-47B6-A68D-7590B98EB39B}
		{F6DCF017-C0B9-4142-E291-62E38A075866} = {827E0CD3-B72D-47B6-A68D-7590B98EB39B}
		{E5CBF906-BFA8-403F-D180-51D279F64755} = {0AB3BF05-4346-4AA6-1389-037BE0695223}
		{A8197ED0-3C84-4D13-A31A-FECD5C309830} = {0AB3BF05-4346-4AA6-1389-037BE0695223}
		{F7A1B2C3-D4E5-46F7-8901-234567890001} = {827E0CD3-B72D-47B6-A68D-7590B98EB39B}
		{F7A1B2C3-D4E5-46F7-8901-234567890002} = {827E0CD3-B72D-47B6-A68D-7590B98EB39B}
		{F7A1B2C3-D4E5-46F7-8901-234567890003} = {0AB3BF05-4346-4AA6-1389-037BE0695223}
		{0CF87E20-E757-42DB-B385-AC4CC29F766A} = {827E0CD3-B72D-47B6-A68D-7590B98EB39B}
		{E4677E18-BCCC-4558-B11F-1B3AD7E5644F} = {827E0CD3-B72D-47B6-A68D-7590B98EB39B}
		{3F0AEFE8-3C32-4904-816F-CCF01C7A8B34} = {0AB3BF05-4346-4AA6-1389-037BE0695223}
		{D975D308-1585-4E07-8696-1DF1FDA59C33} = {0AB3BF05-4346-4AA6-1389-037BE0695223}
		{274EE741-7854-4946-8124-0EB9C3B1B8C9} = {827E0CD3-B72D-47B6-A68D-7590B98EB39B}
		{C9F3C918-677A-473F-B1EE-B90CFFBE87C8} = {0AB3BF05-4346-4AA6-1389-037BE0695223}
		{5AAA63A6-F99A-43F2-A17E-037FB82DD0A1} = {827E0CD3-B72D-47B6-A68D-7590B98EB39B}
		{3C2937FB-D6A0-45FE-BC34-DFA1BF5AE202} = {0AB3BF05-4346-4AA6-1389-037BE0695223}
		{7A4D8E11-0B2F-4F42-9D72-8A6C9E4A1F01} = {827E0CD3-B72D-47B6-A68D-7590B98EB39B}
		{7A4D8E11-0B2F-4F42-9D72-8A6C9E4A1F02} = {0AB3BF05-4346-4AA6-1389-037BE0695223}
		{795CB1F8-29A2-4DC6-BC21-FC44933A3253} = {827E0CD3-B72D-47B6-A68D-7590B98EB39B}
		{B00B7F27-FE4E-4FE8-BA07-6A3459D61764} = {0AB3BF05-4346-4AA6-1389-037BE0695223}
		{17171717-0001-4000-8000-000000000001} = {827E0CD3-B72D-47B6-A68D-7590B98EB39B}
		{17171717-0002-4000-8000-000000000002} = {0AB3BF05-4346-4AA6-1389-037BE0695223}
		{18181818-0001-4000-8000-000000000001} = {827E0CD3-B72D-47B6-A68D-7590B98EB39B}
		{18181818-0002-4000-8000-000000000002} = {0AB3BF05-4346-4AA6-1389-037BE0695223}
		{19191919-0001-4000-8000-000000000001} = {827E0CD3-B72D-47B6-A68D-7590B98EB39B}
		{19191919-0002-4000-8000-000000000002} = {0AB3BF05-4346-4AA6-1389-037BE0695223}
		{20202020-0001-4000-8000-000000000001} = {827E0CD3-B72D-47B6-A68D-7590B98EB39B}
		{20202020-0002-4000-8000-000000000002} = {827E0CD3-B72D-47B6-A68D-7590B98EB39B}
		{20202020-0003-4000-8000-000000000003} = {0AB3BF05-4346-4AA6-1389-037BE0695223}
		{21212121-0001-4000-8000-000000000001} = {827E0CD3-B72D-47B6-A68D-7590B98EB39B}
		{21212121-0002-4000-8000-000000000002} = {0AB3BF05-4346-4AA6-1389-037BE0695223}
		{22222222-0001-4000-8000-000000000001} = {827E0CD3-B72D-47B6-A68D-7590B98EB39B}
		{22222222-0002-4000-8000-000000000002} = {827E0CD3-B72D-47B6-A68D-7590B98EB39B}
		{22222222-0003-4000-8000-000000000003} = {827E0CD3-B72D-47B6-A68D-7590B98EB39B}
		{22222222-0004-4000-8000-000000000004} = {827E0CD3-B72D-47B6-A68D-7590B98EB39B}
		{22222222-0005-4000-8000-000000000005} = {827E0CD3-B72D-47B6-A68D-7590B98EB39B}
		{22222222-0006-4000-8000-000000000006} = {827E0CD3-B72D-47B6-A68D-7590B98EB39B}
		{22222222-0007-4000-8000-000000000007} = {0AB3BF05-4346-4AA6-1389-037BE0695223}
	EndGlobalSection
EndGlobal
